// !$*UTF8*$!
{
	archiveVersion = 1;
	classes = {
	};
	objectVersion = 56;
	objects = {

/* Begin PBXBuildFile section */
		CE2DD96429C4AF73002AF99B /* HomeNavBar.swift in Sources */ = {isa = PBXBuildFile; fileRef = CE2DD96329C4AF73002AF99B /* HomeNavBar.swift */; };
		CE2DD96629C59721002AF99B /* BoardSectionView.swift in Sources */ = {isa = PBXBuildFile; fileRef = CE2DD96529C59721002AF99B /* BoardSectionView.swift */; };
		CE2DD96829C59F84002AF99B /* DropDownBoardPickerView.swift in Sources */ = {isa = PBXBuildFile; fileRef = CE2DD96729C59F84002AF99B /* DropDownBoardPickerView.swift */; };
		CE4F263B29B4D07F0037AA30 /* LabelCollectionView.swift in Sources */ = {isa = PBXBuildFile; fileRef = CE4F263A29B4D07F0037AA30 /* LabelCollectionView.swift */; };
		CE4F264029BA0A060037AA30 /* CategorySectionView.swift in Sources */ = {isa = PBXBuildFile; fileRef = CE4F263F29BA0A060037AA30 /* CategorySectionView.swift */; };
		CE7A7A0F29A87B4B00DDE8A5 /* AppDelegate.swift in Sources */ = {isa = PBXBuildFile; fileRef = CE7A7A0E29A87B4B00DDE8A5 /* AppDelegate.swift */; };
		CE7A7A1129A87B4B00DDE8A5 /* SceneDelegate.swift in Sources */ = {isa = PBXBuildFile; fileRef = CE7A7A1029A87B4B00DDE8A5 /* SceneDelegate.swift */; };
		CE7A7A1329A87B4B00DDE8A5 /* HomeViewController.swift in Sources */ = {isa = PBXBuildFile; fileRef = CE7A7A1229A87B4B00DDE8A5 /* HomeViewController.swift */; };
		CE7A7A1829A87B4D00DDE8A5 /* Assets.xcassets in Resources */ = {isa = PBXBuildFile; fileRef = CE7A7A1729A87B4D00DDE8A5 /* Assets.xcassets */; };
		CE7A7A1B29A87B4D00DDE8A5 /* LaunchScreen.storyboard in Resources */ = {isa = PBXBuildFile; fileRef = CE7A7A1929A87B4D00DDE8A5 /* LaunchScreen.storyboard */; };
/* End PBXBuildFile section */

/* Begin PBXFileReference section */
		CE2DD96329C4AF73002AF99B /* HomeNavBar.swift */ = {isa = PBXFileReference; lastKnownFileType = sourcecode.swift; path = HomeNavBar.swift; sourceTree = "<group>"; };
		CE2DD96529C59721002AF99B /* BoardSectionView.swift */ = {isa = PBXFileReference; lastKnownFileType = sourcecode.swift; path = BoardSectionView.swift; sourceTree = "<group>"; };
		CE2DD96729C59F84002AF99B /* DropDownBoardPickerView.swift */ = {isa = PBXFileReference; lastKnownFileType = sourcecode.swift; path = DropDownBoardPickerView.swift; sourceTree = "<group>"; };
		CE4F263A29B4D07F0037AA30 /* LabelCollectionView.swift */ = {isa = PBXFileReference; lastKnownFileType = sourcecode.swift; path = LabelCollectionView.swift; sourceTree = "<group>"; };
		CE4F263F29BA0A060037AA30 /* CategorySectionView.swift */ = {isa = PBXFileReference; lastKnownFileType = sourcecode.swift; path = CategorySectionView.swift; sourceTree = "<group>"; };
		CE7A7A0B29A87B4B00DDE8A5 /* Somlimee.app */ = {isa = PBXFileReference; explicitFileType = wrapper.application; includeInIndex = 0; path = Somlimee.app; sourceTree = BUILT_PRODUCTS_DIR; };
		CE7A7A0E29A87B4B00DDE8A5 /* AppDelegate.swift */ = {isa = PBXFileReference; lastKnownFileType = sourcecode.swift; path = AppDelegate.swift; sourceTree = "<group>"; };
		CE7A7A1029A87B4B00DDE8A5 /* SceneDelegate.swift */ = {isa = PBXFileReference; lastKnownFileType = sourcecode.swift; path = SceneDelegate.swift; sourceTree = "<group>"; };
		CE7A7A1229A87B4B00DDE8A5 /* HomeViewController.swift */ = {isa = PBXFileReference; lastKnownFileType = sourcecode.swift; path = HomeViewController.swift; sourceTree = "<group>"; };
		CE7A7A1729A87B4D00DDE8A5 /* Assets.xcassets */ = {isa = PBXFileReference; lastKnownFileType = folder.assetcatalog; path = Assets.xcassets; sourceTree = "<group>"; };
		CE7A7A1A29A87B4D00DDE8A5 /* Base */ = {isa = PBXFileReference; lastKnownFileType = file.storyboard; name = Base; path = Base.lproj/LaunchScreen.storyboard; sourceTree = "<group>"; };
		CE7A7A1C29A87B4D00DDE8A5 /* Info.plist */ = {isa = PBXFileReference; lastKnownFileType = text.plist.xml; path = Info.plist; sourceTree = "<group>"; };
/* End PBXFileReference section */

/* Begin PBXFrameworksBuildPhase section */
		CE7A7A0829A87B4B00DDE8A5 /* Frameworks */ = {
			isa = PBXFrameworksBuildPhase;
			buildActionMask = 2147483647;
			files = (
			);
			runOnlyForDeploymentPostprocessing = 0;
		};
/* End PBXFrameworksBuildPhase section */

/* Begin PBXGroup section */
		CE4F263729B489320037AA30 /* ViewControllers */ = {
			isa = PBXGroup;
			children = (
				CE7A7A1229A87B4B00DDE8A5 /* HomeViewController.swift */,
			);
			path = ViewControllers;
			sourceTree = "<group>";
		};
		CE4F263C29B4D08A0037AA30 /* Views */ = {
			isa = PBXGroup;
			children = (
				CE4F263A29B4D07F0037AA30 /* LabelCollectionView.swift */,
				CE2DD96529C59721002AF99B /* BoardSectionView.swift */,
				CE2DD96729C59F84002AF99B /* DropDownBoardPickerView.swift */,
				CE2DD96329C4AF73002AF99B /* HomeNavBar.swift */,
				CE4F263F29BA0A060037AA30 /* CategorySectionView.swift */,
			);
			path = Views;
			sourceTree = "<group>";
		};
		CE4F263D29B8D1830037AA30 /* Models */ = {
			isa = PBXGroup;
			children = (
			);
			path = Models;
			sourceTree = "<group>";
		};
		CE4F263E29B8D19E0037AA30 /* Services */ = {
			isa = PBXGroup;
			children = (
			);
			path = Services;
			sourceTree = "<group>";
		};
		CE7A7A0229A87B4B00DDE8A5 = {
			isa = PBXGroup;
			children = (
				CE7A7A0D29A87B4B00DDE8A5 /* Somlimee */,
				CE7A7A0C29A87B4B00DDE8A5 /* Products */,
			);
			sourceTree = "<group>";
		};
		CE7A7A0C29A87B4B00DDE8A5 /* Products */ = {
			isa = PBXGroup;
			children = (
				CE7A7A0B29A87B4B00DDE8A5 /* Somlimee.app */,
			);
			name = Products;
			sourceTree = "<group>";
		};
		CE7A7A0D29A87B4B00DDE8A5 /* Somlimee */ = {
			isa = PBXGroup;
			children = (
				CE4F263E29B8D19E0037AA30 /* Services */,
				CE4F263D29B8D1830037AA30 /* Models */,
				CE4F263C29B4D08A0037AA30 /* Views */,
				CE4F263729B489320037AA30 /* ViewControllers */,
				CE7A7A0E29A87B4B00DDE8A5 /* AppDelegate.swift */,
				CE7A7A1029A87B4B00DDE8A5 /* SceneDelegate.swift */,
				CE7A7A1729A87B4D00DDE8A5 /* Assets.xcassets */,
				CE7A7A1C29A87B4D00DDE8A5 /* Info.plist */,
				CE7A7A1929A87B4D00DDE8A5 /* LaunchScreen.storyboard */,
			);
			path = Somlimee;
			sourceTree = "<group>";
		};
/* End PBXGroup section */

/* Begin PBXNativeTarget section */
		CE7A7A0A29A87B4B00DDE8A5 /* Somlimee */ = {
			isa = PBXNativeTarget;
			buildConfigurationList = CE7A7A1F29A87B4D00DDE8A5 /* Build configuration list for PBXNativeTarget "Somlimee" */;
			buildPhases = (
				CE7A7A0729A87B4B00DDE8A5 /* Sources */,
				CE7A7A0829A87B4B00DDE8A5 /* Frameworks */,
				CE7A7A0929A87B4B00DDE8A5 /* Resources */,
			);
			buildRules = (
			);
			dependencies = (
			);
			name = Somlimee;
			productName = Somlimee;
			productReference = CE7A7A0B29A87B4B00DDE8A5 /* Somlimee.app */;
			productType = "com.apple.product-type.application";
		};
/* End PBXNativeTarget section */

/* Begin PBXProject section */
		CE7A7A0329A87B4B00DDE8A5 /* Project object */ = {
			isa = PBXProject;
			attributes = {
				BuildIndependentTargetsInParallel = 1;
				LastSwiftUpdateCheck = 1420;
				LastUpgradeCheck = 1420;
				TargetAttributes = {
					CE7A7A0A29A87B4B00DDE8A5 = {
						CreatedOnToolsVersion = 14.2;
					};
				};
			};
			buildConfigurationList = CE7A7A0629A87B4B00DDE8A5 /* Build configuration list for PBXProject "Somlimee" */;
			compatibilityVersion = "Xcode 14.0";
			developmentRegion = en;
			hasScannedForEncodings = 0;
			knownRegions = (
				en,
				Base,
			);
			mainGroup = CE7A7A0229A87B4B00DDE8A5;
			productRefGroup = CE7A7A0C29A87B4B00DDE8A5 /* Products */;
			projectDirPath = "";
			projectRoot = "";
			targets = (
				CE7A7A0A29A87B4B00DDE8A5 /* Somlimee */,
			);
		};
/* End PBXProject section */

/* Begin PBXResourcesBuildPhase section */
		CE7A7A0929A87B4B00DDE8A5 /* Resources */ = {
			isa = PBXResourcesBuildPhase;
			buildActionMask = 2147483647;
			files = (
				CE7A7A1B29A87B4D00DDE8A5 /* LaunchScreen.storyboard in Resources */,
				CE7A7A1829A87B4D00DDE8A5 /* Assets.xcassets in Resources */,
			);
			runOnlyForDeploymentPostprocessing = 0;
		};
/* End PBXResourcesBuildPhase section */

/* Begin PBXSourcesBuildPhase section */
		CE7A7A0729A87B4B00DDE8A5 /* Sources */ = {
			isa = PBXSourcesBuildPhase;
			buildActionMask = 2147483647;
			files = (
				CE4F263B29B4D07F0037AA30 /* LabelCollectionView.swift in Sources */,
				CE2DD96429C4AF73002AF99B /* HomeNavBar.swift in Sources */,
				CE4F264029BA0A060037AA30 /* CategorySectionView.swift in Sources */,
				CE7A7A1329A87B4B00DDE8A5 /* HomeViewController.swift in Sources */,
				CE7A7A0F29A87B4B00DDE8A5 /* AppDelegate.swift in Sources */,
				CE7A7A1129A87B4B00DDE8A5 /* SceneDelegate.swift in Sources */,
				CE2DD96629C59721002AF99B /* BoardSectionView.swift in Sources */,
				CE2DD96829C59F84002AF99B /* DropDownBoardPickerView.swift in Sources */,
			);
			runOnlyForDeploymentPostprocessing = 0;
		};
/* End PBXSourcesBuildPhase section */

/* Begin PBXVariantGroup section */
		CE7A7A1929A87B4D00DDE8A5 /* LaunchScreen.storyboard */ = {
			isa = PBXVariantGroup;
			children = (
				CE7A7A1A29A87B4D00DDE8A5 /* Base */,
			);
			name = LaunchScreen.storyboard;
			sourceTree = "<group>";
		};
/* End PBXVariantGroup section */

/* Begin XCBuildConfiguration section */
		CE7A7A1D29A87B4D00DDE8A5 /* Debug */ = {
			isa = XCBuildConfiguration;
			buildSettings = {
				ALWAYS_SEARCH_USER_PATHS = NO;
				CLANG_ANALYZER_NONNULL = YES;
				CLANG_ANALYZER_NUMBER_OBJECT_CONVERSION = YES_AGGRESSIVE;
				CLANG_CXX_LANGUAGE_STANDARD = "gnu++20";
				CLANG_ENABLE_MODULES = YES;
				CLANG_ENABLE_OBJC_ARC = YES;
				CLANG_ENABLE_OBJC_WEAK = YES;
				CLANG_WARN_BLOCK_CAPTURE_AUTORELEASING = YES;
				CLANG_WARN_BOOL_CONVERSION = YES;
				CLANG_WARN_COMMA = YES;
				CLANG_WARN_CONSTANT_CONVERSION = YES;
				CLANG_WARN_DEPRECATED_OBJC_IMPLEMENTATIONS = YES;
				CLANG_WARN_DIRECT_OBJC_ISA_USAGE = YES_ERROR;
				CLANG_WARN_DOCUMENTATION_COMMENTS = YES;
				CLANG_WARN_EMPTY_BODY = YES;
				CLANG_WARN_ENUM_CONVERSION = YES;
				CLANG_WARN_INFINITE_RECURSION = YES;
				CLANG_WARN_INT_CONVERSION = YES;
				CLANG_WARN_NON_LITERAL_NULL_CONVERSION = YES;
				CLANG_WARN_OBJC_IMPLICIT_RETAIN_SELF = YES;
				CLANG_WARN_OBJC_LITERAL_CONVERSION = YES;
				CLANG_WARN_OBJC_ROOT_CLASS = YES_ERROR;
				CLANG_WARN_QUOTED_INCLUDE_IN_FRAMEWORK_HEADER = YES;
				CLANG_WARN_RANGE_LOOP_ANALYSIS = YES;
				CLANG_WARN_STRICT_PROTOTYPES = YES;
				CLANG_WARN_SUSPICIOUS_MOVE = YES;
				CLANG_WARN_UNGUARDED_AVAILABILITY = YES_AGGRESSIVE;
				CLANG_WARN_UNREACHABLE_CODE = YES;
				CLANG_WARN__DUPLICATE_METHOD_MATCH = YES;
				COPY_PHASE_STRIP = NO;
				DEBUG_INFORMATION_FORMAT = dwarf;
				ENABLE_STRICT_OBJC_MSGSEND = YES;
				ENABLE_TESTABILITY = YES;
				GCC_C_LANGUAGE_STANDARD = gnu11;
				GCC_DYNAMIC_NO_PIC = NO;
				GCC_NO_COMMON_BLOCKS = YES;
				GCC_OPTIMIZATION_LEVEL = 0;
				GCC_PREPROCESSOR_DEFINITIONS = (
					"DEBUG=1",
					"$(inherited)",
				);
				GCC_WARN_64_TO_32_BIT_CONVERSION = YES;
				GCC_WARN_ABOUT_RETURN_TYPE = YES_ERROR;
				GCC_WARN_UNDECLARED_SELECTOR = YES;
				GCC_WARN_UNINITIALIZED_AUTOS = YES_AGGRESSIVE;
				GCC_WARN_UNUSED_FUNCTION = YES;
				GCC_WARN_UNUSED_VARIABLE = YES;
				IPHONEOS_DEPLOYMENT_TARGET = 16.2;
				MTL_ENABLE_DEBUG_INFO = INCLUDE_SOURCE;
				MTL_FAST_MATH = YES;
				ONLY_ACTIVE_ARCH = YES;
				SDKROOT = iphoneos;
				SWIFT_ACTIVE_COMPILATION_CONDITIONS = DEBUG;
				SWIFT_OPTIMIZATION_LEVEL = "-Onone";
			};
			name = Debug;
		};
		CE7A7A1E29A87B4D00DDE8A5 /* Release */ = {
			isa = XCBuildConfiguration;
			buildSettings = {
				ALWAYS_SEARCH_USER_PATHS = NO;
				CLANG_ANALYZER_NONNULL = YES;
				CLANG_ANALYZER_NUMBER_OBJECT_CONVERSION = YES_AGGRESSIVE;
				CLANG_CXX_LANGUAGE_STANDARD = "gnu++20";
				CLANG_ENABLE_MODULES = YES;
				CLANG_ENABLE_OBJC_ARC = YES;
				CLANG_ENABLE_OBJC_WEAK = YES;
				CLANG_WARN_BLOCK_CAPTURE_AUTORELEASING = YES;
				CLANG_WARN_BOOL_CONVERSION = YES;
				CLANG_WARN_COMMA = YES;
				CLANG_WARN_CONSTANT_CONVERSION = YES;
				CLANG_WARN_DEPRECATED_OBJC_IMPLEMENTATIONS = YES;
				CLANG_WARN_DIRECT_OBJC_ISA_USAGE = YES_ERROR;
				CLANG_WARN_DOCUMENTATION_COMMENTS = YES;
				CLANG_WARN_EMPTY_BODY = YES;
				CLANG_WARN_ENUM_CONVERSION = YES;
				CLANG_WARN_INFINITE_RECURSION = YES;
				CLANG_WARN_INT_CONVERSION = YES;
				CLANG_WARN_NON_LITERAL_NULL_CONVERSION = YES;
				CLANG_WARN_OBJC_IMPLICIT_RETAIN_SELF = YES;
				CLANG_WARN_OBJC_LITERAL_CONVERSION = YES;
				CLANG_WARN_OBJC_ROOT_CLASS = YES_ERROR;
				CLANG_WARN_QUOTED_INCLUDE_IN_FRAMEWORK_HEADER = YES;
				CLANG_WARN_RANGE_LOOP_ANALYSIS = YES;
				CLANG_WARN_STRICT_PROTOTYPES = YES;
				CLANG_WARN_SUSPICIOUS_MOVE = YES;
				CLANG_WARN_UNGUARDED_AVAILABILITY = YES_AGGRESSIVE;
				CLANG_WARN_UNREACHABLE_CODE = YES;
				CLANG_WARN__DUPLICATE_METHOD_MATCH = YES;
				COPY_PHASE_STRIP = NO;
				DEBUG_INFORMATION_FORMAT = "dwarf-with-dsym";
				ENABLE_NS_ASSERTIONS = NO;
				ENABLE_STRICT_OBJC_MSGSEND = YES;
				GCC_C_LANGUAGE_STANDARD = gnu11;
				GCC_NO_COMMON_BLOCKS = YES;
				GCC_WARN_64_TO_32_BIT_CONVERSION = YES;
				GCC_WARN_ABOUT_RETURN_TYPE = YES_ERROR;
				GCC_WARN_UNDECLARED_SELECTOR = YES;
				GCC_WARN_UNINITIALIZED_AUTOS = YES_AGGRESSIVE;
				GCC_WARN_UNUSED_FUNCTION = YES;
				GCC_WARN_UNUSED_VARIABLE = YES;
				IPHONEOS_DEPLOYMENT_TARGET = 16.2;
				MTL_ENABLE_DEBUG_INFO = NO;
				MTL_FAST_MATH = YES;
				SDKROOT = iphoneos;
				SWIFT_COMPILATION_MODE = wholemodule;
				SWIFT_OPTIMIZATION_LEVEL = "-O";
				VALIDATE_PRODUCT = YES;
			};
			name = Release;
		};
		CE7A7A2029A87B4D00DDE8A5 /* Debug */ = {
			isa = XCBuildConfiguration;
			buildSettings = {
				ASSETCATALOG_COMPILER_APPICON_NAME = AppIcon;
				ASSETCATALOG_COMPILER_GLOBAL_ACCENT_COLOR_NAME = AccentColor;
				CODE_SIGN_STYLE = Automatic;
				CURRENT_PROJECT_VERSION = 1;
				DEVELOPMENT_TEAM = 45T3VG6APJ;
				GENERATE_INFOPLIST_FILE = YES;
				INFOPLIST_FILE = Somlimee/Info.plist;
				INFOPLIST_KEY_UIApplicationSupportsIndirectInputEvents = YES;
				INFOPLIST_KEY_UILaunchStoryboardName = LaunchScreen;
				INFOPLIST_KEY_UISupportedInterfaceOrientations_iPad = "UIInterfaceOrientationPortrait UIInterfaceOrientationPortraitUpsideDown UIInterfaceOrientationLandscapeLeft UIInterfaceOrientationLandscapeRight";
				INFOPLIST_KEY_UISupportedInterfaceOrientations_iPhone = "UIInterfaceOrientationPortrait UIInterfaceOrientationLandscapeLeft UIInterfaceOrientationLandscapeRight";
				LD_RUNPATH_SEARCH_PATHS = (
					"$(inherited)",
					"@executable_path/Frameworks",
				);
				MARKETING_VERSION = 1.0;
				PRODUCT_BUNDLE_IDENTIFIER = com.borkenchj.Somlimee;
				PRODUCT_NAME = "$(TARGET_NAME)";
				SWIFT_EMIT_LOC_STRINGS = YES;
				SWIFT_VERSION = 5.0;
				TARGETED_DEVICE_FAMILY = "1,2";
			};
			name = Debug;
		};
		CE7A7A2129A87B4D00DDE8A5 /* Release */ = {
			isa = XCBuildConfiguration;
			buildSettings = {
				ASSETCATALOG_COMPILER_APPICON_NAME = AppIcon;
				ASSETCATALOG_COMPILER_GLOBAL_ACCENT_COLOR_NAME = AccentColor;
				CODE_SIGN_STYLE = Automatic;
				CURRENT_PROJECT_VERSION = 1;
				DEVELOPMENT_TEAM = 45T3VG6APJ;
				GENERATE_INFOPLIST_FILE = YES;
				INFOPLIST_FILE = Somlimee/Info.plist;
				INFOPLIST_KEY_UIApplicationSupportsIndirectInputEvents = YES;
				INFOPLIST_KEY_UILaunchStoryboardName = LaunchScreen;
				INFOPLIST_KEY_UISupportedInterfaceOrientations_iPad = "UIInterfaceOrientationPortrait UIInterfaceOrientationPortraitUpsideDown UIInterfaceOrientationLandscapeLeft UIInterfaceOrientationLandscapeRight";
				INFOPLIST_KEY_UISupportedInterfaceOrientations_iPhone = "UIInterfaceOrientationPortrait UIInterfaceOrientationLandscapeLeft UIInterfaceOrientationLandscapeRight";
				LD_RUNPATH_SEARCH_PATHS = (
					"$(inherited)",
					"@executable_path/Frameworks",
				);
				MARKETING_VERSION = 1.0;
				PRODUCT_BUNDLE_IDENTIFIER = com.borkenchj.Somlimee;
				PRODUCT_NAME = "$(TARGET_NAME)";
				SWIFT_EMIT_LOC_STRINGS = YES;
				SWIFT_VERSION = 5.0;
				TARGETED_DEVICE_FAMILY = "1,2";
			};
			name = Release;
		};
/* End XCBuildConfiguration section */

/* Begin XCConfigurationList section */
		CE7A7A0629A87B4B00DDE8A5 /* Build configuration list for PBXProject "Somlimee" */ = {
			isa = XCConfigurationList;
			buildConfigurations = (
				CE7A7A1D29A87B4D00DDE8A5 /* Debug */,
				CE7A7A1E29A87B4D00DDE8A5 /* Release */,
			);
			defaultConfigurationIsVisible = 0;
			defaultConfigurationName = Release;
		};
		CE7A7A1F29A87B4D00DDE8A5 /* Build configuration list for PBXNativeTarget "Somlimee" */ = {
			isa = XCConfigurationList;
			buildConfigurations = (
				CE7A7A2029A87B4D00DDE8A5 /* Debug */,
				CE7A7A2129A87B4D00DDE8A5 /* Release */,
			);
			defaultConfigurationIsVisible = 0;
			defaultConfigurationName = Release;
		};
/* End XCConfigurationList section */
	};
	rootObject = CE7A7A0329A87B4B00DDE8A5 /* Project object */;
}
