// !$*UTF8*$!
{
	archiveVersion = 1;
	classes = {
	};
	objectVersion = 56;
	objects = {

/* Begin PBXBuildFile section */
		0DB4A586DCC80EE7EBF5DBA0 /* Pods_Somlimee.framework in Frameworks */ = {isa = PBXBuildFile; fileRef = B4E5A735D7FA822DBB91BC78 /* Pods_Somlimee.framework */; };
		CE2DD96429C4AF73002AF99B /* HomeNavBar.swift in Sources */ = {isa = PBXBuildFile; fileRef = CE2DD96329C4AF73002AF99B /* HomeNavBar.swift */; };
		CE2DD96629C59721002AF99B /* BoardSectionView.swift in Sources */ = {isa = PBXBuildFile; fileRef = CE2DD96529C59721002AF99B /* BoardSectionView.swift */; };
		CE2DD96829C59F84002AF99B /* NormalTableView.swift in Sources */ = {isa = PBXBuildFile; fileRef = CE2DD96729C59F84002AF99B /* NormalTableView.swift */; };
		CE2DD96A29C740F4002AF99B /* BoardPostMetaData.swift in Sources */ = {isa = PBXBuildFile; fileRef = CE2DD96929C740F4002AF99B /* BoardPostMetaData.swift */; };
		CE2DD96C29C7466D002AF99B /* HomeBoardTableView.swift in Sources */ = {isa = PBXBuildFile; fileRef = CE2DD96B29C7466D002AF99B /* HomeBoardTableView.swift */; };
		CE2DD96E29C827B7002AF99B /* SearchViewController.swift in Sources */ = {isa = PBXBuildFile; fileRef = CE2DD96D29C827B7002AF99B /* SearchViewController.swift */; };
		CE2DD97029C828B2002AF99B /* SearchNavBar.swift in Sources */ = {isa = PBXBuildFile; fileRef = CE2DD96F29C828B2002AF99B /* SearchNavBar.swift */; };
		CE2DD97629CC1107002AF99B /* RealTimeHotDetailViewController.swift in Sources */ = {isa = PBXBuildFile; fileRef = CE2DD97529CC1107002AF99B /* RealTimeHotDetailViewController.swift */; };
		CE2DD97829CC2084002AF99B /* RealTimeHotBoardViewController.swift in Sources */ = {isa = PBXBuildFile; fileRef = CE2DD97729CC2084002AF99B /* RealTimeHotBoardViewController.swift */; };
		CE2DD97A29CC21A1002AF99B /* CategoryRequestViewController.swift in Sources */ = {isa = PBXBuildFile; fileRef = CE2DD97929CC21A1002AF99B /* CategoryRequestViewController.swift */; };
		CE2DD97C29CC21DA002AF99B /* LogInViewController.swift in Sources */ = {isa = PBXBuildFile; fileRef = CE2DD97B29CC21DA002AF99B /* LogInViewController.swift */; };
		CE2DD97E29CC2717002AF99B /* ProfileViewController.swift in Sources */ = {isa = PBXBuildFile; fileRef = CE2DD97D29CC2717002AF99B /* ProfileViewController.swift */; };
		CE2DD98029CC2729002AF99B /* SideMenuViewController.swift in Sources */ = {isa = PBXBuildFile; fileRef = CE2DD97F29CC2729002AF99B /* SideMenuViewController.swift */; };
		CE2DD98229CCA126002AF99B /* HomeViewController.swift in Sources */ = {isa = PBXBuildFile; fileRef = CE2DD98129CCA126002AF99B /* HomeViewController.swift */; };
		CE2DD98529CD88B8002AF99B /* HomeViewRepository.swift in Sources */ = {isa = PBXBuildFile; fileRef = CE2DD98429CD88B8002AF99B /* HomeViewRepository.swift */; };
		CE2DD98729D2BE02002AF99B /* LimeTrendsData.swift in Sources */ = {isa = PBXBuildFile; fileRef = CE2DD98629D2BE02002AF99B /* LimeTrendsData.swift */; };
		CE2DD98929D2BFA2002AF99B /* HotBoardRankingData.swift in Sources */ = {isa = PBXBuildFile; fileRef = CE2DD98829D2BFA2002AF99B /* HotBoardRankingData.swift */; };
		CE2DD98B29D2C02C002AF99B /* CategoryData.swift in Sources */ = {isa = PBXBuildFile; fileRef = CE2DD98A29D2C02C002AF99B /* CategoryData.swift */; };
		CE2DD98D29D2C0E1002AF99B /* BoardHotKeyData.swift in Sources */ = {isa = PBXBuildFile; fileRef = CE2DD98C29D2C0E1002AF99B /* BoardHotKeyData.swift */; };
		CE2DD98F29D2D58B002AF99B /* ProfileData.swift in Sources */ = {isa = PBXBuildFile; fileRef = CE2DD98E29D2D58B002AF99B /* ProfileData.swift */; };
		CE2DD99129D2D5AA002AF99B /* PersonalityTestResultData.swift in Sources */ = {isa = PBXBuildFile; fileRef = CE2DD99029D2D5AA002AF99B /* PersonalityTestResultData.swift */; };
		CE2DD99329D2D711002AF99B /* LocalDataSourceService.swift in Sources */ = {isa = PBXBuildFile; fileRef = CE2DD99229D2D711002AF99B /* LocalDataSourceService.swift */; };
		CE2DD99529D2D71D002AF99B /* RemoteDataSourceService.swift in Sources */ = {isa = PBXBuildFile; fileRef = CE2DD99429D2D71D002AF99B /* RemoteDataSourceService.swift */; };
		CE2DD99729D2D72A002AF99B /* DataSourceService.swift in Sources */ = {isa = PBXBuildFile; fileRef = CE2DD99629D2D72A002AF99B /* DataSourceService.swift */; };
		CE2DD99929D2DAFA002AF99B /* SearchHistoryData.swift in Sources */ = {isa = PBXBuildFile; fileRef = CE2DD99829D2DAFA002AF99B /* SearchHistoryData.swift */; };
		CE2DD99B29D2DB90002AF99B /* SearchRealTimeData.swift in Sources */ = {isa = PBXBuildFile; fileRef = CE2DD99A29D2DB90002AF99B /* SearchRealTimeData.swift */; };
		CE2DD9A129D2FCA5002AF99B /* PersonalityTestData.swift in Sources */ = {isa = PBXBuildFile; fileRef = CE2DD9A029D2FCA5002AF99B /* PersonalityTestData.swift */; };
		CE2DD9A529D30035002AF99B /* SearchViewRepository.swift in Sources */ = {isa = PBXBuildFile; fileRef = CE2DD9A429D30035002AF99B /* SearchViewRepository.swift */; };
		CE2DD9A729D42570002AF99B /* SearchListData.swift in Sources */ = {isa = PBXBuildFile; fileRef = CE2DD9A629D42570002AF99B /* SearchListData.swift */; };
		CE2DD9A929D425E0002AF99B /* BoardInfoData.swift in Sources */ = {isa = PBXBuildFile; fileRef = CE2DD9A829D425E0002AF99B /* BoardInfoData.swift */; };
		CE2DD9AD29D5E052002AF99B /* GoogleService-Info.plist in Resources */ = {isa = PBXBuildFile; fileRef = CE2DD9AC29D5E052002AF99B /* GoogleService-Info.plist */; };
		CE2DD9AF29D6DD91002AF99B /* UserLoginService.swift in Sources */ = {isa = PBXBuildFile; fileRef = CE2DD9AE29D6DD91002AF99B /* UserLoginService.swift */; };
		CE2DD9B129D7205F002AF99B /* UserSignUpWithEmailService.swift in Sources */ = {isa = PBXBuildFile; fileRef = CE2DD9B029D7205F002AF99B /* UserSignUpWithEmailService.swift */; };
		CE2DD9BB29D7FFDC002AF99B /* UserSignUpFailures.swift in Sources */ = {isa = PBXBuildFile; fileRef = CE2DD9BA29D7FFDC002AF99B /* UserSignUpFailures.swift */; };
		CE2DD9BF29D8264E002AF99B /* SQLiteDatabaseCommands.swift in Sources */ = {isa = PBXBuildFile; fileRef = CE2DD9BE29D8264E002AF99B /* SQLiteDatabaseCommands.swift */; };
		CE2DD9C129D84E2B002AF99B /* BoardPostContentData.swift in Sources */ = {isa = PBXBuildFile; fileRef = CE2DD9C029D84E2B002AF99B /* BoardPostContentData.swift */; };
		CE2DD9C529D858EC002AF99B /* LocalDataSourceFailures.swift in Sources */ = {isa = PBXBuildFile; fileRef = CE2DD9C429D858EC002AF99B /* LocalDataSourceFailures.swift */; };
		CE2DD9C929D86CE6002AF99B /* DataSourceFailures.swift in Sources */ = {isa = PBXBuildFile; fileRef = CE2DD9C829D86CE6002AF99B /* DataSourceFailures.swift */; };
		CE2DD9CB29D9549E002AF99B /* injectDependencies.swift in Sources */ = {isa = PBXBuildFile; fileRef = CE2DD9CA29D9549E002AF99B /* injectDependencies.swift */; };
		CE2DD9CD29DA9AED002AF99B /* SignUpViewController.swift in Sources */ = {isa = PBXBuildFile; fileRef = CE2DD9CC29DA9AED002AF99B /* SignUpViewController.swift */; };
		CE2DD9CF29DAB9D2002AF99B /* UserLogInFailures.swift in Sources */ = {isa = PBXBuildFile; fileRef = CE2DD9CE29DAB9D1002AF99B /* UserLogInFailures.swift */; };
		CE2DD9D329DAEAB4002AF99B /* VerifyEmailViewController.swift in Sources */ = {isa = PBXBuildFile; fileRef = CE2DD9D229DAEAB3002AF99B /* VerifyEmailViewController.swift */; };
		CE2DD9D529DAEBEC002AF99B /* PersonalityTestViewController.swift in Sources */ = {isa = PBXBuildFile; fileRef = CE2DD9D429DAEBEC002AF99B /* PersonalityTestViewController.swift */; };
		CE2DD9D729DBF279002AF99B /* PersonalityTestViewRepository.swift in Sources */ = {isa = PBXBuildFile; fileRef = CE2DD9D629DBF279002AF99B /* PersonalityTestViewRepository.swift */; };
		CE2DD9D929DBF8A6002AF99B /* AnswerBarView.swift in Sources */ = {isa = PBXBuildFile; fileRef = CE2DD9D829DBF8A6002AF99B /* AnswerBarView.swift */; };
		CE2DD9DB29DC1174002AF99B /* PersonalityTestResultViewController.swift in Sources */ = {isa = PBXBuildFile; fileRef = CE2DD9DA29DC1174002AF99B /* PersonalityTestResultViewController.swift */; };
		CE2DD9DD29DC50A0002AF99B /* CalculateTestResult.swift in Sources */ = {isa = PBXBuildFile; fileRef = CE2DD9DC29DC50A0002AF99B /* CalculateTestResult.swift */; };
		CE2DD9DF29DC7057002AF99B /* BoardViewController.swift in Sources */ = {isa = PBXBuildFile; fileRef = CE2DD9DE29DC7057002AF99B /* BoardViewController.swift */; };
		CE2DD9E129DC70BA002AF99B /* BoardPostViewController.swift in Sources */ = {isa = PBXBuildFile; fileRef = CE2DD9E029DC70BA002AF99B /* BoardPostViewController.swift */; };
		CE2DD9E329DC70CF002AF99B /* BoardPostWriteViewController.swift in Sources */ = {isa = PBXBuildFile; fileRef = CE2DD9E229DC70CF002AF99B /* BoardPostWriteViewController.swift */; };
		CE2DD9E729EFA4C1002AF99B /* AppStates.swift in Sources */ = {isa = PBXBuildFile; fileRef = CE2DD9E629EFA4C1002AF99B /* AppStates.swift */; };
		CE2DD9E929F0F786002AF99B /* LocalDataSourceInit.swift in Sources */ = {isa = PBXBuildFile; fileRef = CE2DD9E829F0F786002AF99B /* LocalDataSourceInit.swift */; };
		CE2DD9EB29F0F7DD002AF99B /* AppStatesInit.swift in Sources */ = {isa = PBXBuildFile; fileRef = CE2DD9EA29F0F7DD002AF99B /* AppStatesInit.swift */; };
		CE2DD9ED29F100BA002AF99B /* SQLiteDatabaseFailures.swift in Sources */ = {isa = PBXBuildFile; fileRef = CE2DD9EC29F100BA002AF99B /* SQLiteDatabaseFailures.swift */; };
		CE2DD9EF29F3A10C002AF99B /* BoardViewRepository.swift in Sources */ = {isa = PBXBuildFile; fileRef = CE2DD9EE29F3A10C002AF99B /* BoardViewRepository.swift */; };
		CE2DD9F129F3A73A002AF99B /* BoardTapView.swift in Sources */ = {isa = PBXBuildFile; fileRef = CE2DD9F029F3A73A002AF99B /* BoardTapView.swift */; };
		CE2DD9F329F3ADEE002AF99B /* BoardNavBar.swift in Sources */ = {isa = PBXBuildFile; fileRef = CE2DD9F229F3ADEE002AF99B /* BoardNavBar.swift */; };
		CE2DD9F529F7B71E002AF99B /* BoardTableView.swift in Sources */ = {isa = PBXBuildFile; fileRef = CE2DD9F429F7B71E002AF99B /* BoardTableView.swift */; };
		CE2DD9F72A03B84D002AF99B /* BoardPostWriteNavBar.swift in Sources */ = {isa = PBXBuildFile; fileRef = CE2DD9F62A03B84D002AF99B /* BoardPostWriteNavBar.swift */; };
		CE2DD9F92A04EA18002AF99B /* BoardPostCommentData.swift in Sources */ = {isa = PBXBuildFile; fileRef = CE2DD9F82A04EA18002AF99B /* BoardPostCommentData.swift */; };
		CE2DD9FB2A068997002AF99B /* BoardPostNavBar.swift in Sources */ = {isa = PBXBuildFile; fileRef = CE2DD9FA2A068997002AF99B /* BoardPostNavBar.swift */; };
		CE2DDA002A14BC6F002AF99B /* userNameParser.swift in Sources */ = {isa = PBXBuildFile; fileRef = CE2DD9FF2A14BC6F002AF99B /* userNameParser.swift */; };
		CE2DDA022A1B50EE002AF99B /* ProfileViewRepository.swift in Sources */ = {isa = PBXBuildFile; fileRef = CE2DDA012A1B50EE002AF99B /* ProfileViewRepository.swift */; };
		CE2DDA042A2710FC002AF99B /* MyLimeRoomNotLoggedView.swift in Sources */ = {isa = PBXBuildFile; fileRef = CE2DDA032A2710FC002AF99B /* MyLimeRoomNotLoggedView.swift */; };
		CE2DDA072A27180D002AF99B /* LoadingView.swift in Sources */ = {isa = PBXBuildFile; fileRef = CE2DDA062A27180D002AF99B /* LoadingView.swift */; };
		CE2DDA0A2A271AAE002AF99B /* SomLimeColors.swift in Sources */ = {isa = PBXBuildFile; fileRef = CE2DDA092A271AAE002AF99B /* SomLimeColors.swift */; };
		CE2DDA222A27374C002AF99B /* SpoqaHanSansNeo-Medium.woff in Resources */ = {isa = PBXBuildFile; fileRef = CE2DDA0D2A27374C002AF99B /* SpoqaHanSansNeo-Medium.woff */; };
		CE2DDA232A27374C002AF99B /* LICENSE in Resources */ = {isa = PBXBuildFile; fileRef = CE2DDA0E2A27374C002AF99B /* LICENSE */; };
		CE2DDA242A27374C002AF99B /* SpoqaHanSansNeo-Bold.woff in Resources */ = {isa = PBXBuildFile; fileRef = CE2DDA0F2A27374C002AF99B /* SpoqaHanSansNeo-Bold.woff */; };
		CE2DDA252A27374C002AF99B /* SpoqaHanSansNeo-Regular.woff in Resources */ = {isa = PBXBuildFile; fileRef = CE2DDA102A27374C002AF99B /* SpoqaHanSansNeo-Regular.woff */; };
		CE2DDA262A27374C002AF99B /* SpoqaHanSansNeo-Light.eot in Resources */ = {isa = PBXBuildFile; fileRef = CE2DDA112A27374C002AF99B /* SpoqaHanSansNeo-Light.eot */; };
		CE2DDA272A27374C002AF99B /* SpoqaHanSansNeo-Regular.ttf in Resources */ = {isa = PBXBuildFile; fileRef = CE2DDA122A27374C002AF99B /* SpoqaHanSansNeo-Regular.ttf */; };
		CE2DDA282A27374C002AF99B /* SpoqaHanSansNeo-Light.woff in Resources */ = {isa = PBXBuildFile; fileRef = CE2DDA132A27374C002AF99B /* SpoqaHanSansNeo-Light.woff */; };
		CE2DDA292A27374C002AF99B /* SpoqaHanSansNeo-Bold.eot in Resources */ = {isa = PBXBuildFile; fileRef = CE2DDA142A27374C002AF99B /* SpoqaHanSansNeo-Bold.eot */; };
		CE2DDA2A2A27374C002AF99B /* SpoqaHanSansNeo-Thin.eot in Resources */ = {isa = PBXBuildFile; fileRef = CE2DDA152A27374C002AF99B /* SpoqaHanSansNeo-Thin.eot */; };
		CE2DDA2B2A27374C002AF99B /* SpoqaHanSansNeo-Medium.woff2 in Resources */ = {isa = PBXBuildFile; fileRef = CE2DDA162A27374C002AF99B /* SpoqaHanSansNeo-Medium.woff2 */; };
		CE2DDA2C2A27374C002AF99B /* SpoqaHanSansNeo-Medium.ttf in Resources */ = {isa = PBXBuildFile; fileRef = CE2DDA172A27374C002AF99B /* SpoqaHanSansNeo-Medium.ttf */; };
		CE2DDA2D2A27374C002AF99B /* SpoqaHanSansNeo-Light.woff2 in Resources */ = {isa = PBXBuildFile; fileRef = CE2DDA182A27374C002AF99B /* SpoqaHanSansNeo-Light.woff2 */; };
		CE2DDA2E2A27374C002AF99B /* SpoqaHanSansNeo-Thin.woff in Resources */ = {isa = PBXBuildFile; fileRef = CE2DDA192A27374C002AF99B /* SpoqaHanSansNeo-Thin.woff */; };
		CE2DDA2F2A27374C002AF99B /* SpoqaHanSansNeo-Light.ttf in Resources */ = {isa = PBXBuildFile; fileRef = CE2DDA1A2A27374C002AF99B /* SpoqaHanSansNeo-Light.ttf */; };
		CE2DDA302A27374C002AF99B /* SpoqaHanSansNeo-Regular.eot in Resources */ = {isa = PBXBuildFile; fileRef = CE2DDA1B2A27374C002AF99B /* SpoqaHanSansNeo-Regular.eot */; };
		CE2DDA312A27374C002AF99B /* SpoqaHanSansNeo-Bold.ttf in Resources */ = {isa = PBXBuildFile; fileRef = CE2DDA1C2A27374C002AF99B /* SpoqaHanSansNeo-Bold.ttf */; };
		CE2DDA322A27374C002AF99B /* SpoqaHanSansNeo-Bold.woff2 in Resources */ = {isa = PBXBuildFile; fileRef = CE2DDA1D2A27374C002AF99B /* SpoqaHanSansNeo-Bold.woff2 */; };
		CE2DDA332A27374C002AF99B /* SpoqaHanSansNeo-Regular.woff2 in Resources */ = {isa = PBXBuildFile; fileRef = CE2DDA1E2A27374C002AF99B /* SpoqaHanSansNeo-Regular.woff2 */; };
		CE2DDA342A27374C002AF99B /* SpoqaHanSansNeo-Medium.eot in Resources */ = {isa = PBXBuildFile; fileRef = CE2DDA1F2A27374C002AF99B /* SpoqaHanSansNeo-Medium.eot */; };
		CE2DDA352A27374C002AF99B /* SpoqaHanSansNeo-Thin.ttf in Resources */ = {isa = PBXBuildFile; fileRef = CE2DDA202A27374C002AF99B /* SpoqaHanSansNeo-Thin.ttf */; };
		CE2DDA362A27374C002AF99B /* SpoqaHanSansNeo-Thin.woff2 in Resources */ = {isa = PBXBuildFile; fileRef = CE2DDA212A27374C002AF99B /* SpoqaHanSansNeo-Thin.woff2 */; };
		CE2DDA382A27393D002AF99B /* SomLimeFonts.swift in Sources */ = {isa = PBXBuildFile; fileRef = CE2DDA372A27393D002AF99B /* SomLimeFonts.swift */; };
		CE2DDA3A2A2748A0002AF99B /* MyLimeRoomLoggedView.swift in Sources */ = {isa = PBXBuildFile; fileRef = CE2DDA392A2748A0002AF99B /* MyLimeRoomLoggedView.swift */; };
		CE2DDA3C2A275EA2002AF99B /* imageShadowExt.swift in Sources */ = {isa = PBXBuildFile; fileRef = CE2DDA3B2A275EA2002AF99B /* imageShadowExt.swift */; };
		CE2DDA3E2A2766BE002AF99B /* MyLimeRoomBoardTableView.swift in Sources */ = {isa = PBXBuildFile; fileRef = CE2DDA3D2A2766BE002AF99B /* MyLimeRoomBoardTableView.swift */; };
		CE2DDA402A30CFB3002AF99B /* OtherLimeRoomsScrollView.swift in Sources */ = {isa = PBXBuildFile; fileRef = CE2DDA3F2A30CFB3002AF99B /* OtherLimeRoomsScrollView.swift */; };
		CE2DDA442A384687002AF99B /* LimeTrendCollectionView.swift in Sources */ = {isa = PBXBuildFile; fileRef = CE2DDA432A384687002AF99B /* LimeTrendCollectionView.swift */; };
		CE2DDA462A386E60002AF99B /* LimesTodayView.swift in Sources */ = {isa = PBXBuildFile; fileRef = CE2DDA452A386E60002AF99B /* LimesTodayView.swift */; };
		CE2DDA482A4C31EF002AF99B /* LimeTestSectionView.swift in Sources */ = {isa = PBXBuildFile; fileRef = CE2DDA472A4C31EF002AF99B /* LimeTestSectionView.swift */; };
		CE4F263B29B4D07F0037AA30 /* LabelCollectionView.swift in Sources */ = {isa = PBXBuildFile; fileRef = CE4F263A29B4D07F0037AA30 /* LabelCollectionView.swift */; };
		CE7A7A0F29A87B4B00DDE8A5 /* AppDelegate.swift in Sources */ = {isa = PBXBuildFile; fileRef = CE7A7A0E29A87B4B00DDE8A5 /* AppDelegate.swift */; };
		CE7A7A1129A87B4B00DDE8A5 /* SceneDelegate.swift in Sources */ = {isa = PBXBuildFile; fileRef = CE7A7A1029A87B4B00DDE8A5 /* SceneDelegate.swift */; };
		CE7A7A1329A87B4B00DDE8A5 /* ContainerViewController.swift in Sources */ = {isa = PBXBuildFile; fileRef = CE7A7A1229A87B4B00DDE8A5 /* ContainerViewController.swift */; };
		CE7A7A1829A87B4D00DDE8A5 /* Assets.xcassets in Resources */ = {isa = PBXBuildFile; fileRef = CE7A7A1729A87B4D00DDE8A5 /* Assets.xcassets */; };
		CE7A7A1B29A87B4D00DDE8A5 /* LaunchScreen.storyboard in Resources */ = {isa = PBXBuildFile; fileRef = CE7A7A1929A87B4D00DDE8A5 /* LaunchScreen.storyboard */; };
/* End PBXBuildFile section */

/* Begin PBXFileReference section */
		1732E69D082DAF5B0709637F /* Pods-Somlimee.release.xcconfig */ = {isa = PBXFileReference; includeInIndex = 1; lastKnownFileType = text.xcconfig; name = "Pods-Somlimee.release.xcconfig"; path = "Target Support Files/Pods-Somlimee/Pods-Somlimee.release.xcconfig"; sourceTree = "<group>"; };
		B4E5A735D7FA822DBB91BC78 /* Pods_Somlimee.framework */ = {isa = PBXFileReference; explicitFileType = wrapper.framework; includeInIndex = 0; path = Pods_Somlimee.framework; sourceTree = BUILT_PRODUCTS_DIR; };
		CC0206F4DEE857BC1A7DEA97 /* Pods-Somlimee.debug.xcconfig */ = {isa = PBXFileReference; includeInIndex = 1; lastKnownFileType = text.xcconfig; name = "Pods-Somlimee.debug.xcconfig"; path = "Target Support Files/Pods-Somlimee/Pods-Somlimee.debug.xcconfig"; sourceTree = "<group>"; };
		CE2DD96329C4AF73002AF99B /* HomeNavBar.swift */ = {isa = PBXFileReference; lastKnownFileType = sourcecode.swift; path = HomeNavBar.swift; sourceTree = "<group>"; };
		CE2DD96529C59721002AF99B /* BoardSectionView.swift */ = {isa = PBXFileReference; lastKnownFileType = sourcecode.swift; path = BoardSectionView.swift; sourceTree = "<group>"; };
		CE2DD96729C59F84002AF99B /* NormalTableView.swift */ = {isa = PBXFileReference; lastKnownFileType = sourcecode.swift; path = NormalTableView.swift; sourceTree = "<group>"; };
		CE2DD96929C740F4002AF99B /* BoardPostMetaData.swift */ = {isa = PBXFileReference; lastKnownFileType = sourcecode.swift; path = BoardPostMetaData.swift; sourceTree = "<group>"; };
		CE2DD96B29C7466D002AF99B /* HomeBoardTableView.swift */ = {isa = PBXFileReference; lastKnownFileType = sourcecode.swift; path = HomeBoardTableView.swift; sourceTree = "<group>"; };
		CE2DD96D29C827B7002AF99B /* SearchViewController.swift */ = {isa = PBXFileReference; lastKnownFileType = sourcecode.swift; path = SearchViewController.swift; sourceTree = "<group>"; };
		CE2DD96F29C828B2002AF99B /* SearchNavBar.swift */ = {isa = PBXFileReference; lastKnownFileType = sourcecode.swift; path = SearchNavBar.swift; sourceTree = "<group>"; };
		CE2DD97529CC1107002AF99B /* RealTimeHotDetailViewController.swift */ = {isa = PBXFileReference; lastKnownFileType = sourcecode.swift; path = RealTimeHotDetailViewController.swift; sourceTree = "<group>"; };
		CE2DD97729CC2084002AF99B /* RealTimeHotBoardViewController.swift */ = {isa = PBXFileReference; lastKnownFileType = sourcecode.swift; path = RealTimeHotBoardViewController.swift; sourceTree = "<group>"; };
		CE2DD97929CC21A1002AF99B /* CategoryRequestViewController.swift */ = {isa = PBXFileReference; lastKnownFileType = sourcecode.swift; path = CategoryRequestViewController.swift; sourceTree = "<group>"; };
		CE2DD97B29CC21DA002AF99B /* LogInViewController.swift */ = {isa = PBXFileReference; lastKnownFileType = sourcecode.swift; path = LogInViewController.swift; sourceTree = "<group>"; };
		CE2DD97D29CC2717002AF99B /* ProfileViewController.swift */ = {isa = PBXFileReference; lastKnownFileType = sourcecode.swift; path = ProfileViewController.swift; sourceTree = "<group>"; };
		CE2DD97F29CC2729002AF99B /* SideMenuViewController.swift */ = {isa = PBXFileReference; lastKnownFileType = sourcecode.swift; path = SideMenuViewController.swift; sourceTree = "<group>"; };
		CE2DD98129CCA126002AF99B /* HomeViewController.swift */ = {isa = PBXFileReference; lastKnownFileType = sourcecode.swift; path = HomeViewController.swift; sourceTree = "<group>"; };
		CE2DD98429CD88B8002AF99B /* HomeViewRepository.swift */ = {isa = PBXFileReference; lastKnownFileType = sourcecode.swift; path = HomeViewRepository.swift; sourceTree = "<group>"; };
		CE2DD98629D2BE02002AF99B /* LimeTrendsData.swift */ = {isa = PBXFileReference; lastKnownFileType = sourcecode.swift; path = LimeTrendsData.swift; sourceTree = "<group>"; };
		CE2DD98829D2BFA2002AF99B /* HotBoardRankingData.swift */ = {isa = PBXFileReference; lastKnownFileType = sourcecode.swift; path = HotBoardRankingData.swift; sourceTree = "<group>"; };
		CE2DD98A29D2C02C002AF99B /* CategoryData.swift */ = {isa = PBXFileReference; lastKnownFileType = sourcecode.swift; path = CategoryData.swift; sourceTree = "<group>"; };
		CE2DD98C29D2C0E1002AF99B /* BoardHotKeyData.swift */ = {isa = PBXFileReference; lastKnownFileType = sourcecode.swift; path = BoardHotKeyData.swift; sourceTree = "<group>"; };
		CE2DD98E29D2D58B002AF99B /* ProfileData.swift */ = {isa = PBXFileReference; lastKnownFileType = sourcecode.swift; path = ProfileData.swift; sourceTree = "<group>"; };
		CE2DD99029D2D5AA002AF99B /* PersonalityTestResultData.swift */ = {isa = PBXFileReference; lastKnownFileType = sourcecode.swift; path = PersonalityTestResultData.swift; sourceTree = "<group>"; };
		CE2DD99229D2D711002AF99B /* LocalDataSourceService.swift */ = {isa = PBXFileReference; lastKnownFileType = sourcecode.swift; path = LocalDataSourceService.swift; sourceTree = "<group>"; };
		CE2DD99429D2D71D002AF99B /* RemoteDataSourceService.swift */ = {isa = PBXFileReference; lastKnownFileType = sourcecode.swift; path = RemoteDataSourceService.swift; sourceTree = "<group>"; };
		CE2DD99629D2D72A002AF99B /* DataSourceService.swift */ = {isa = PBXFileReference; lastKnownFileType = sourcecode.swift; path = DataSourceService.swift; sourceTree = "<group>"; };
		CE2DD99829D2DAFA002AF99B /* SearchHistoryData.swift */ = {isa = PBXFileReference; lastKnownFileType = sourcecode.swift; path = SearchHistoryData.swift; sourceTree = "<group>"; };
		CE2DD99A29D2DB90002AF99B /* SearchRealTimeData.swift */ = {isa = PBXFileReference; lastKnownFileType = sourcecode.swift; path = SearchRealTimeData.swift; sourceTree = "<group>"; };
		CE2DD9A029D2FCA5002AF99B /* PersonalityTestData.swift */ = {isa = PBXFileReference; lastKnownFileType = sourcecode.swift; path = PersonalityTestData.swift; sourceTree = "<group>"; };
		CE2DD9A429D30035002AF99B /* SearchViewRepository.swift */ = {isa = PBXFileReference; lastKnownFileType = sourcecode.swift; path = SearchViewRepository.swift; sourceTree = "<group>"; };
		CE2DD9A629D42570002AF99B /* SearchListData.swift */ = {isa = PBXFileReference; lastKnownFileType = sourcecode.swift; path = SearchListData.swift; sourceTree = "<group>"; };
		CE2DD9A829D425E0002AF99B /* BoardInfoData.swift */ = {isa = PBXFileReference; lastKnownFileType = sourcecode.swift; path = BoardInfoData.swift; sourceTree = "<group>"; };
		CE2DD9AC29D5E052002AF99B /* GoogleService-Info.plist */ = {isa = PBXFileReference; fileEncoding = 4; lastKnownFileType = text.plist.xml; path = "GoogleService-Info.plist"; sourceTree = "<group>"; };
		CE2DD9AE29D6DD91002AF99B /* UserLoginService.swift */ = {isa = PBXFileReference; lastKnownFileType = sourcecode.swift; path = UserLoginService.swift; sourceTree = "<group>"; };
		CE2DD9B029D7205F002AF99B /* UserSignUpWithEmailService.swift */ = {isa = PBXFileReference; lastKnownFileType = sourcecode.swift; path = UserSignUpWithEmailService.swift; sourceTree = "<group>"; };
		CE2DD9BA29D7FFDC002AF99B /* UserSignUpFailures.swift */ = {isa = PBXFileReference; lastKnownFileType = sourcecode.swift; path = UserSignUpFailures.swift; sourceTree = "<group>"; };
		CE2DD9BE29D8264E002AF99B /* SQLiteDatabaseCommands.swift */ = {isa = PBXFileReference; lastKnownFileType = sourcecode.swift; path = SQLiteDatabaseCommands.swift; sourceTree = "<group>"; };
		CE2DD9C029D84E2B002AF99B /* BoardPostContentData.swift */ = {isa = PBXFileReference; lastKnownFileType = sourcecode.swift; path = BoardPostContentData.swift; sourceTree = "<group>"; };
		CE2DD9C429D858EC002AF99B /* LocalDataSourceFailures.swift */ = {isa = PBXFileReference; lastKnownFileType = sourcecode.swift; path = LocalDataSourceFailures.swift; sourceTree = "<group>"; };
		CE2DD9C829D86CE6002AF99B /* DataSourceFailures.swift */ = {isa = PBXFileReference; lastKnownFileType = sourcecode.swift; path = DataSourceFailures.swift; sourceTree = "<group>"; };
		CE2DD9CA29D9549E002AF99B /* injectDependencies.swift */ = {isa = PBXFileReference; lastKnownFileType = sourcecode.swift; path = injectDependencies.swift; sourceTree = "<group>"; };
		CE2DD9CC29DA9AED002AF99B /* SignUpViewController.swift */ = {isa = PBXFileReference; lastKnownFileType = sourcecode.swift; path = SignUpViewController.swift; sourceTree = "<group>"; };
		CE2DD9CE29DAB9D1002AF99B /* UserLogInFailures.swift */ = {isa = PBXFileReference; lastKnownFileType = sourcecode.swift; path = UserLogInFailures.swift; sourceTree = "<group>"; };
		CE2DD9D229DAEAB3002AF99B /* VerifyEmailViewController.swift */ = {isa = PBXFileReference; lastKnownFileType = sourcecode.swift; path = VerifyEmailViewController.swift; sourceTree = "<group>"; };
		CE2DD9D429DAEBEC002AF99B /* PersonalityTestViewController.swift */ = {isa = PBXFileReference; lastKnownFileType = sourcecode.swift; path = PersonalityTestViewController.swift; sourceTree = "<group>"; };
		CE2DD9D629DBF279002AF99B /* PersonalityTestViewRepository.swift */ = {isa = PBXFileReference; lastKnownFileType = sourcecode.swift; path = PersonalityTestViewRepository.swift; sourceTree = "<group>"; };
		CE2DD9D829DBF8A6002AF99B /* AnswerBarView.swift */ = {isa = PBXFileReference; lastKnownFileType = sourcecode.swift; path = AnswerBarView.swift; sourceTree = "<group>"; };
		CE2DD9DA29DC1174002AF99B /* PersonalityTestResultViewController.swift */ = {isa = PBXFileReference; lastKnownFileType = sourcecode.swift; path = PersonalityTestResultViewController.swift; sourceTree = "<group>"; };
		CE2DD9DC29DC50A0002AF99B /* CalculateTestResult.swift */ = {isa = PBXFileReference; lastKnownFileType = sourcecode.swift; path = CalculateTestResult.swift; sourceTree = "<group>"; };
		CE2DD9DE29DC7057002AF99B /* BoardViewController.swift */ = {isa = PBXFileReference; lastKnownFileType = sourcecode.swift; path = BoardViewController.swift; sourceTree = "<group>"; };
		CE2DD9E029DC70BA002AF99B /* BoardPostViewController.swift */ = {isa = PBXFileReference; lastKnownFileType = sourcecode.swift; path = BoardPostViewController.swift; sourceTree = "<group>"; };
		CE2DD9E229DC70CF002AF99B /* BoardPostWriteViewController.swift */ = {isa = PBXFileReference; lastKnownFileType = sourcecode.swift; path = BoardPostWriteViewController.swift; sourceTree = "<group>"; };
		CE2DD9E629EFA4C1002AF99B /* AppStates.swift */ = {isa = PBXFileReference; lastKnownFileType = sourcecode.swift; path = AppStates.swift; sourceTree = "<group>"; };
		CE2DD9E829F0F786002AF99B /* LocalDataSourceInit.swift */ = {isa = PBXFileReference; lastKnownFileType = sourcecode.swift; path = LocalDataSourceInit.swift; sourceTree = "<group>"; };
		CE2DD9EA29F0F7DD002AF99B /* AppStatesInit.swift */ = {isa = PBXFileReference; lastKnownFileType = sourcecode.swift; path = AppStatesInit.swift; sourceTree = "<group>"; };
		CE2DD9EC29F100BA002AF99B /* SQLiteDatabaseFailures.swift */ = {isa = PBXFileReference; lastKnownFileType = sourcecode.swift; path = SQLiteDatabaseFailures.swift; sourceTree = "<group>"; };
		CE2DD9EE29F3A10C002AF99B /* BoardViewRepository.swift */ = {isa = PBXFileReference; lastKnownFileType = sourcecode.swift; path = BoardViewRepository.swift; sourceTree = "<group>"; };
		CE2DD9F029F3A73A002AF99B /* BoardTapView.swift */ = {isa = PBXFileReference; lastKnownFileType = sourcecode.swift; path = BoardTapView.swift; sourceTree = "<group>"; };
		CE2DD9F229F3ADEE002AF99B /* BoardNavBar.swift */ = {isa = PBXFileReference; lastKnownFileType = sourcecode.swift; path = BoardNavBar.swift; sourceTree = "<group>"; };
		CE2DD9F429F7B71E002AF99B /* BoardTableView.swift */ = {isa = PBXFileReference; lastKnownFileType = sourcecode.swift; path = BoardTableView.swift; sourceTree = "<group>"; };
		CE2DD9F62A03B84D002AF99B /* BoardPostWriteNavBar.swift */ = {isa = PBXFileReference; lastKnownFileType = sourcecode.swift; path = BoardPostWriteNavBar.swift; sourceTree = "<group>"; };
		CE2DD9F82A04EA18002AF99B /* BoardPostCommentData.swift */ = {isa = PBXFileReference; lastKnownFileType = sourcecode.swift; path = BoardPostCommentData.swift; sourceTree = "<group>"; };
		CE2DD9FA2A068997002AF99B /* BoardPostNavBar.swift */ = {isa = PBXFileReference; lastKnownFileType = sourcecode.swift; path = BoardPostNavBar.swift; sourceTree = "<group>"; };
		CE2DD9FF2A14BC6F002AF99B /* userNameParser.swift */ = {isa = PBXFileReference; lastKnownFileType = sourcecode.swift; path = userNameParser.swift; sourceTree = "<group>"; };
		CE2DDA012A1B50EE002AF99B /* ProfileViewRepository.swift */ = {isa = PBXFileReference; lastKnownFileType = sourcecode.swift; path = ProfileViewRepository.swift; sourceTree = "<group>"; };
		CE2DDA032A2710FC002AF99B /* MyLimeRoomNotLoggedView.swift */ = {isa = PBXFileReference; lastKnownFileType = sourcecode.swift; path = MyLimeRoomNotLoggedView.swift; sourceTree = "<group>"; };
		CE2DDA062A27180D002AF99B /* LoadingView.swift */ = {isa = PBXFileReference; lastKnownFileType = sourcecode.swift; path = LoadingView.swift; sourceTree = "<group>"; };
		CE2DDA092A271AAE002AF99B /* SomLimeColors.swift */ = {isa = PBXFileReference; lastKnownFileType = sourcecode.swift; path = SomLimeColors.swift; sourceTree = "<group>"; };
		CE2DDA0D2A27374C002AF99B /* SpoqaHanSansNeo-Medium.woff */ = {isa = PBXFileReference; lastKnownFileType = file; path = "SpoqaHanSansNeo-Medium.woff"; sourceTree = "<group>"; };
		CE2DDA0E2A27374C002AF99B /* LICENSE */ = {isa = PBXFileReference; fileEncoding = 4; lastKnownFileType = text; path = LICENSE; sourceTree = "<group>"; };
		CE2DDA0F2A27374C002AF99B /* SpoqaHanSansNeo-Bold.woff */ = {isa = PBXFileReference; lastKnownFileType = file; path = "SpoqaHanSansNeo-Bold.woff"; sourceTree = "<group>"; };
		CE2DDA102A27374C002AF99B /* SpoqaHanSansNeo-Regular.woff */ = {isa = PBXFileReference; lastKnownFileType = file; path = "SpoqaHanSansNeo-Regular.woff"; sourceTree = "<group>"; };
		CE2DDA112A27374C002AF99B /* SpoqaHanSansNeo-Light.eot */ = {isa = PBXFileReference; lastKnownFileType = file; path = "SpoqaHanSansNeo-Light.eot"; sourceTree = "<group>"; };
		CE2DDA122A27374C002AF99B /* SpoqaHanSansNeo-Regular.ttf */ = {isa = PBXFileReference; lastKnownFileType = file; path = "SpoqaHanSansNeo-Regular.ttf"; sourceTree = "<group>"; };
		CE2DDA132A27374C002AF99B /* SpoqaHanSansNeo-Light.woff */ = {isa = PBXFileReference; lastKnownFileType = file; path = "SpoqaHanSansNeo-Light.woff"; sourceTree = "<group>"; };
		CE2DDA142A27374C002AF99B /* SpoqaHanSansNeo-Bold.eot */ = {isa = PBXFileReference; lastKnownFileType = file; path = "SpoqaHanSansNeo-Bold.eot"; sourceTree = "<group>"; };
		CE2DDA152A27374C002AF99B /* SpoqaHanSansNeo-Thin.eot */ = {isa = PBXFileReference; lastKnownFileType = file; path = "SpoqaHanSansNeo-Thin.eot"; sourceTree = "<group>"; };
		CE2DDA162A27374C002AF99B /* SpoqaHanSansNeo-Medium.woff2 */ = {isa = PBXFileReference; lastKnownFileType = file; path = "SpoqaHanSansNeo-Medium.woff2"; sourceTree = "<group>"; };
		CE2DDA172A27374C002AF99B /* SpoqaHanSansNeo-Medium.ttf */ = {isa = PBXFileReference; lastKnownFileType = file; path = "SpoqaHanSansNeo-Medium.ttf"; sourceTree = "<group>"; };
		CE2DDA182A27374C002AF99B /* SpoqaHanSansNeo-Light.woff2 */ = {isa = PBXFileReference; lastKnownFileType = file; path = "SpoqaHanSansNeo-Light.woff2"; sourceTree = "<group>"; };
		CE2DDA192A27374C002AF99B /* SpoqaHanSansNeo-Thin.woff */ = {isa = PBXFileReference; lastKnownFileType = file; path = "SpoqaHanSansNeo-Thin.woff"; sourceTree = "<group>"; };
		CE2DDA1A2A27374C002AF99B /* SpoqaHanSansNeo-Light.ttf */ = {isa = PBXFileReference; lastKnownFileType = file; path = "SpoqaHanSansNeo-Light.ttf"; sourceTree = "<group>"; };
		CE2DDA1B2A27374C002AF99B /* SpoqaHanSansNeo-Regular.eot */ = {isa = PBXFileReference; lastKnownFileType = file; path = "SpoqaHanSansNeo-Regular.eot"; sourceTree = "<group>"; };
		CE2DDA1C2A27374C002AF99B /* SpoqaHanSansNeo-Bold.ttf */ = {isa = PBXFileReference; lastKnownFileType = file; path = "SpoqaHanSansNeo-Bold.ttf"; sourceTree = "<group>"; };
		CE2DDA1D2A27374C002AF99B /* SpoqaHanSansNeo-Bold.woff2 */ = {isa = PBXFileReference; lastKnownFileType = file; path = "SpoqaHanSansNeo-Bold.woff2"; sourceTree = "<group>"; };
		CE2DDA1E2A27374C002AF99B /* SpoqaHanSansNeo-Regular.woff2 */ = {isa = PBXFileReference; lastKnownFileType = file; path = "SpoqaHanSansNeo-Regular.woff2"; sourceTree = "<group>"; };
		CE2DDA1F2A27374C002AF99B /* SpoqaHanSansNeo-Medium.eot */ = {isa = PBXFileReference; lastKnownFileType = file; path = "SpoqaHanSansNeo-Medium.eot"; sourceTree = "<group>"; };
		CE2DDA202A27374C002AF99B /* SpoqaHanSansNeo-Thin.ttf */ = {isa = PBXFileReference; lastKnownFileType = file; path = "SpoqaHanSansNeo-Thin.ttf"; sourceTree = "<group>"; };
		CE2DDA212A27374C002AF99B /* SpoqaHanSansNeo-Thin.woff2 */ = {isa = PBXFileReference; lastKnownFileType = file; path = "SpoqaHanSansNeo-Thin.woff2"; sourceTree = "<group>"; };
		CE2DDA372A27393D002AF99B /* SomLimeFonts.swift */ = {isa = PBXFileReference; lastKnownFileType = sourcecode.swift; path = SomLimeFonts.swift; sourceTree = "<group>"; };
		CE2DDA392A2748A0002AF99B /* MyLimeRoomLoggedView.swift */ = {isa = PBXFileReference; lastKnownFileType = sourcecode.swift; path = MyLimeRoomLoggedView.swift; sourceTree = "<group>"; };
		CE2DDA3B2A275EA2002AF99B /* imageShadowExt.swift */ = {isa = PBXFileReference; lastKnownFileType = sourcecode.swift; path = imageShadowExt.swift; sourceTree = "<group>"; };
		CE2DDA3D2A2766BE002AF99B /* MyLimeRoomBoardTableView.swift */ = {isa = PBXFileReference; lastKnownFileType = sourcecode.swift; path = MyLimeRoomBoardTableView.swift; sourceTree = "<group>"; };
		CE2DDA3F2A30CFB3002AF99B /* OtherLimeRoomsScrollView.swift */ = {isa = PBXFileReference; lastKnownFileType = sourcecode.swift; path = OtherLimeRoomsScrollView.swift; sourceTree = "<group>"; };
		CE2DDA432A384687002AF99B /* LimeTrendCollectionView.swift */ = {isa = PBXFileReference; lastKnownFileType = sourcecode.swift; path = LimeTrendCollectionView.swift; sourceTree = "<group>"; };
		CE2DDA452A386E60002AF99B /* LimesTodayView.swift */ = {isa = PBXFileReference; lastKnownFileType = sourcecode.swift; path = LimesTodayView.swift; sourceTree = "<group>"; };
		CE2DDA472A4C31EF002AF99B /* LimeTestSectionView.swift */ = {isa = PBXFileReference; lastKnownFileType = sourcecode.swift; path = LimeTestSectionView.swift; sourceTree = "<group>"; };
		CE4F263A29B4D07F0037AA30 /* LabelCollectionView.swift */ = {isa = PBXFileReference; lastKnownFileType = sourcecode.swift; path = LabelCollectionView.swift; sourceTree = "<group>"; };
		CE7A7A0B29A87B4B00DDE8A5 /* Somlimee.app */ = {isa = PBXFileReference; explicitFileType = wrapper.application; includeInIndex = 0; path = Somlimee.app; sourceTree = BUILT_PRODUCTS_DIR; };
		CE7A7A0E29A87B4B00DDE8A5 /* AppDelegate.swift */ = {isa = PBXFileReference; lastKnownFileType = sourcecode.swift; path = AppDelegate.swift; sourceTree = "<group>"; };
		CE7A7A1029A87B4B00DDE8A5 /* SceneDelegate.swift */ = {isa = PBXFileReference; lastKnownFileType = sourcecode.swift; path = SceneDelegate.swift; sourceTree = "<group>"; };
		CE7A7A1229A87B4B00DDE8A5 /* ContainerViewController.swift */ = {isa = PBXFileReference; lastKnownFileType = sourcecode.swift; path = ContainerViewController.swift; sourceTree = "<group>"; };
		CE7A7A1729A87B4D00DDE8A5 /* Assets.xcassets */ = {isa = PBXFileReference; lastKnownFileType = folder.assetcatalog; path = Assets.xcassets; sourceTree = "<group>"; };
		CE7A7A1A29A87B4D00DDE8A5 /* Base */ = {isa = PBXFileReference; lastKnownFileType = file.storyboard; name = Base; path = Base.lproj/LaunchScreen.storyboard; sourceTree = "<group>"; };
		CE7A7A1C29A87B4D00DDE8A5 /* Info.plist */ = {isa = PBXFileReference; lastKnownFileType = text.plist.xml; path = Info.plist; sourceTree = "<group>"; };
/* End PBXFileReference section */

/* Begin PBXFrameworksBuildPhase section */
		CE7A7A0829A87B4B00DDE8A5 /* Frameworks */ = {
			isa = PBXFrameworksBuildPhase;
			buildActionMask = 2147483647;
			files = (
				0DB4A586DCC80EE7EBF5DBA0 /* Pods_Somlimee.framework in Frameworks */,
			);
			runOnlyForDeploymentPostprocessing = 0;
		};
/* End PBXFrameworksBuildPhase section */

/* Begin PBXGroup section */
		0C4034CDB6EA994A8CAA6483 /* Pods */ = {
			isa = PBXGroup;
			children = (
				CC0206F4DEE857BC1A7DEA97 /* Pods-Somlimee.debug.xcconfig */,
				1732E69D082DAF5B0709637F /* Pods-Somlimee.release.xcconfig */,
			);
			path = Pods;
			sourceTree = "<group>";
		};
		804A2CAA2A97B19CD58DC6A6 /* Frameworks */ = {
			isa = PBXGroup;
			children = (
				B4E5A735D7FA822DBB91BC78 /* Pods_Somlimee.framework */,
			);
			name = Frameworks;
			sourceTree = "<group>";
		};
		CE2DD98329CD8885002AF99B /* Repositories */ = {
			isa = PBXGroup;
			children = (
				CE2DD98429CD88B8002AF99B /* HomeViewRepository.swift */,
				CE2DD9D629DBF279002AF99B /* PersonalityTestViewRepository.swift */,
				CE2DD9A429D30035002AF99B /* SearchViewRepository.swift */,
				CE2DD9EE29F3A10C002AF99B /* BoardViewRepository.swift */,
				CE2DDA012A1B50EE002AF99B /* ProfileViewRepository.swift */,
			);
			path = Repositories;
			sourceTree = "<group>";
		};
		CE2DD99C29D2DE96002AF99B /* Core */ = {
			isa = PBXGroup;
			children = (
				CE2DD9FE2A14BC27002AF99B /* Utils */,
				CE2DD9B929D7FFC6002AF99B /* Failures */,
				CE2DD99D29D2DEA2002AF99B /* Functions */,
				CE2DD9BE29D8264E002AF99B /* SQLiteDatabaseCommands.swift */,
				CE2DDA092A271AAE002AF99B /* SomLimeColors.swift */,
				CE2DDA3B2A275EA2002AF99B /* imageShadowExt.swift */,
				CE2DDA372A27393D002AF99B /* SomLimeFonts.swift */,
			);
			path = Core;
			sourceTree = "<group>";
		};
		CE2DD99D29D2DEA2002AF99B /* Functions */ = {
			isa = PBXGroup;
			children = (
				CE2DD9CA29D9549E002AF99B /* injectDependencies.swift */,
				CE2DD9DC29DC50A0002AF99B /* CalculateTestResult.swift */,
				CE2DD9EA29F0F7DD002AF99B /* AppStatesInit.swift */,
				CE2DD9E829F0F786002AF99B /* LocalDataSourceInit.swift */,
			);
			path = Functions;
			sourceTree = "<group>";
		};
		CE2DD9B929D7FFC6002AF99B /* Failures */ = {
			isa = PBXGroup;
			children = (
				CE2DD9BA29D7FFDC002AF99B /* UserSignUpFailures.swift */,
				CE2DD9CE29DAB9D1002AF99B /* UserLogInFailures.swift */,
				CE2DD9C429D858EC002AF99B /* LocalDataSourceFailures.swift */,
				CE2DD9C829D86CE6002AF99B /* DataSourceFailures.swift */,
				CE2DD9EC29F100BA002AF99B /* SQLiteDatabaseFailures.swift */,
			);
			path = Failures;
			sourceTree = "<group>";
		};
		CE2DD9FE2A14BC27002AF99B /* Utils */ = {
			isa = PBXGroup;
			children = (
				CE2DD9FF2A14BC6F002AF99B /* userNameParser.swift */,
			);
			path = Utils;
			sourceTree = "<group>";
		};
		CE2DDA052A271113002AF99B /* HomeVC */ = {
			isa = PBXGroup;
			children = (
				CE2DD96329C4AF73002AF99B /* HomeNavBar.swift */,
				CE2DDA392A2748A0002AF99B /* MyLimeRoomLoggedView.swift */,
				CE2DDA032A2710FC002AF99B /* MyLimeRoomNotLoggedView.swift */,
				CE2DD96B29C7466D002AF99B /* HomeBoardTableView.swift */,
				CE2DDA3D2A2766BE002AF99B /* MyLimeRoomBoardTableView.swift */,
				CE2DDA3F2A30CFB3002AF99B /* OtherLimeRoomsScrollView.swift */,
				CE2DDA432A384687002AF99B /* LimeTrendCollectionView.swift */,
				CE2DDA452A386E60002AF99B /* LimesTodayView.swift */,
				CE2DDA472A4C31EF002AF99B /* LimeTestSectionView.swift */,
			);
			path = HomeVC;
			sourceTree = "<group>";
		};
		CE2DDA082A271878002AF99B /* Commons */ = {
			isa = PBXGroup;
			children = (
				CE2DDA062A27180D002AF99B /* LoadingView.swift */,
			);
			path = Commons;
			sourceTree = "<group>";
		};
		CE2DDA0B2A273733002AF99B /* Fonts */ = {
			isa = PBXGroup;
			children = (
				CE2DDA0C2A27374C002AF99B /* SpoqaHanSansNeo_TTF_subset */,
			);
			path = Fonts;
			sourceTree = "<group>";
		};
		CE2DDA0C2A27374C002AF99B /* SpoqaHanSansNeo_TTF_subset */ = {
			isa = PBXGroup;
			children = (
				CE2DDA0D2A27374C002AF99B /* SpoqaHanSansNeo-Medium.woff */,
				CE2DDA0E2A27374C002AF99B /* LICENSE */,
				CE2DDA0F2A27374C002AF99B /* SpoqaHanSansNeo-Bold.woff */,
				CE2DDA102A27374C002AF99B /* SpoqaHanSansNeo-Regular.woff */,
				CE2DDA112A27374C002AF99B /* SpoqaHanSansNeo-Light.eot */,
				CE2DDA122A27374C002AF99B /* SpoqaHanSansNeo-Regular.ttf */,
				CE2DDA132A27374C002AF99B /* SpoqaHanSansNeo-Light.woff */,
				CE2DDA142A27374C002AF99B /* SpoqaHanSansNeo-Bold.eot */,
				CE2DDA152A27374C002AF99B /* SpoqaHanSansNeo-Thin.eot */,
				CE2DDA162A27374C002AF99B /* SpoqaHanSansNeo-Medium.woff2 */,
				CE2DDA172A27374C002AF99B /* SpoqaHanSansNeo-Medium.ttf */,
				CE2DDA182A27374C002AF99B /* SpoqaHanSansNeo-Light.woff2 */,
				CE2DDA192A27374C002AF99B /* SpoqaHanSansNeo-Thin.woff */,
				CE2DDA1A2A27374C002AF99B /* SpoqaHanSansNeo-Light.ttf */,
				CE2DDA1B2A27374C002AF99B /* SpoqaHanSansNeo-Regular.eot */,
				CE2DDA1C2A27374C002AF99B /* SpoqaHanSansNeo-Bold.ttf */,
				CE2DDA1D2A27374C002AF99B /* SpoqaHanSansNeo-Bold.woff2 */,
				CE2DDA1E2A27374C002AF99B /* SpoqaHanSansNeo-Regular.woff2 */,
				CE2DDA1F2A27374C002AF99B /* SpoqaHanSansNeo-Medium.eot */,
				CE2DDA202A27374C002AF99B /* SpoqaHanSansNeo-Thin.ttf */,
				CE2DDA212A27374C002AF99B /* SpoqaHanSansNeo-Thin.woff2 */,
			);
			path = SpoqaHanSansNeo_TTF_subset;
			sourceTree = "<group>";
		};
		CE4F263729B489320037AA30 /* ViewControllers */ = {
			isa = PBXGroup;
			children = (
				CE7A7A1229A87B4B00DDE8A5 /* ContainerViewController.swift */,
				CE2DD98129CCA126002AF99B /* HomeViewController.swift */,
				CE2DD9CC29DA9AED002AF99B /* SignUpViewController.swift */,
				CE2DD9D229DAEAB3002AF99B /* VerifyEmailViewController.swift */,
				CE2DD9D429DAEBEC002AF99B /* PersonalityTestViewController.swift */,
				CE2DD9DA29DC1174002AF99B /* PersonalityTestResultViewController.swift */,
				CE2DD97D29CC2717002AF99B /* ProfileViewController.swift */,
				CE2DD96D29C827B7002AF99B /* SearchViewController.swift */,
				CE2DD97F29CC2729002AF99B /* SideMenuViewController.swift */,
				CE2DD97B29CC21DA002AF99B /* LogInViewController.swift */,
				CE2DD97529CC1107002AF99B /* RealTimeHotDetailViewController.swift */,
				CE2DD97929CC21A1002AF99B /* CategoryRequestViewController.swift */,
				CE2DD97729CC2084002AF99B /* RealTimeHotBoardViewController.swift */,
				CE2DD9DE29DC7057002AF99B /* BoardViewController.swift */,
				CE2DD9E029DC70BA002AF99B /* BoardPostViewController.swift */,
				CE2DD9E229DC70CF002AF99B /* BoardPostWriteViewController.swift */,
			);
			path = ViewControllers;
			sourceTree = "<group>";
		};
		CE4F263C29B4D08A0037AA30 /* Views */ = {
			isa = PBXGroup;
			children = (
				CE4F263A29B4D07F0037AA30 /* LabelCollectionView.swift */,
				CE2DDA082A271878002AF99B /* Commons */,
				CE2DD9F029F3A73A002AF99B /* BoardTapView.swift */,
				CE2DD96529C59721002AF99B /* BoardSectionView.swift */,
				CE2DD96729C59F84002AF99B /* NormalTableView.swift */,
				CE2DD9F429F7B71E002AF99B /* BoardTableView.swift */,
				CE2DD9D829DBF8A6002AF99B /* AnswerBarView.swift */,
				CE2DDA052A271113002AF99B /* HomeVC */,
				CE2DD96F29C828B2002AF99B /* SearchNavBar.swift */,
				CE2DD9F229F3ADEE002AF99B /* BoardNavBar.swift */,
				CE2DD9FA2A068997002AF99B /* BoardPostNavBar.swift */,
				CE2DD9F62A03B84D002AF99B /* BoardPostWriteNavBar.swift */,
			);
			path = Views;
			sourceTree = "<group>";
		};
		CE4F263D29B8D1830037AA30 /* Models */ = {
			isa = PBXGroup;
			children = (
				CE2DD9A829D425E0002AF99B /* BoardInfoData.swift */,
				CE2DD9E629EFA4C1002AF99B /* AppStates.swift */,
				CE2DD9C029D84E2B002AF99B /* BoardPostContentData.swift */,
				CE2DD9F82A04EA18002AF99B /* BoardPostCommentData.swift */,
				CE2DD96929C740F4002AF99B /* BoardPostMetaData.swift */,
				CE2DD98C29D2C0E1002AF99B /* BoardHotKeyData.swift */,
				CE2DD99A29D2DB90002AF99B /* SearchRealTimeData.swift */,
				CE2DD99829D2DAFA002AF99B /* SearchHistoryData.swift */,
				CE2DD98829D2BFA2002AF99B /* HotBoardRankingData.swift */,
				CE2DD98629D2BE02002AF99B /* LimeTrendsData.swift */,
				CE2DD99029D2D5AA002AF99B /* PersonalityTestResultData.swift */,
				CE2DD98E29D2D58B002AF99B /* ProfileData.swift */,
				CE2DD98A29D2C02C002AF99B /* CategoryData.swift */,
				CE2DD9A029D2FCA5002AF99B /* PersonalityTestData.swift */,
				CE2DD9A629D42570002AF99B /* SearchListData.swift */,
			);
			path = Models;
			sourceTree = "<group>";
		};
		CE4F263E29B8D19E0037AA30 /* Services */ = {
			isa = PBXGroup;
			children = (
				CE2DD99229D2D711002AF99B /* LocalDataSourceService.swift */,
				CE2DD99429D2D71D002AF99B /* RemoteDataSourceService.swift */,
				CE2DD99629D2D72A002AF99B /* DataSourceService.swift */,
				CE2DD9AE29D6DD91002AF99B /* UserLoginService.swift */,
				CE2DD9B029D7205F002AF99B /* UserSignUpWithEmailService.swift */,
			);
			path = Services;
			sourceTree = "<group>";
		};
		CE7A7A0229A87B4B00DDE8A5 = {
			isa = PBXGroup;
			children = (
				CE7A7A0D29A87B4B00DDE8A5 /* Somlimee */,
				CE7A7A0C29A87B4B00DDE8A5 /* Products */,
				0C4034CDB6EA994A8CAA6483 /* Pods */,
				804A2CAA2A97B19CD58DC6A6 /* Frameworks */,
			);
			sourceTree = "<group>";
		};
		CE7A7A0C29A87B4B00DDE8A5 /* Products */ = {
			isa = PBXGroup;
			children = (
				CE7A7A0B29A87B4B00DDE8A5 /* Somlimee.app */,
			);
			name = Products;
			sourceTree = "<group>";
		};
		CE7A7A0D29A87B4B00DDE8A5 /* Somlimee */ = {
			isa = PBXGroup;
			children = (
				CE2DD99C29D2DE96002AF99B /* Core */,
				CE4F263E29B8D19E0037AA30 /* Services */,
				CE2DD98329CD8885002AF99B /* Repositories */,
				CE4F263D29B8D1830037AA30 /* Models */,
				CE4F263C29B4D08A0037AA30 /* Views */,
				CE4F263729B489320037AA30 /* ViewControllers */,
				CE7A7A0E29A87B4B00DDE8A5 /* AppDelegate.swift */,
				CE7A7A1029A87B4B00DDE8A5 /* SceneDelegate.swift */,
				CE2DD9AC29D5E052002AF99B /* GoogleService-Info.plist */,
				CE7A7A1729A87B4D00DDE8A5 /* Assets.xcassets */,
				CE2DDA0B2A273733002AF99B /* Fonts */,
				CE7A7A1C29A87B4D00DDE8A5 /* Info.plist */,
				CE7A7A1929A87B4D00DDE8A5 /* LaunchScreen.storyboard */,
			);
			path = Somlimee;
			sourceTree = "<group>";
		};
/* End PBXGroup section */

/* Begin PBXNativeTarget section */
		CE7A7A0A29A87B4B00DDE8A5 /* Somlimee */ = {
			isa = PBXNativeTarget;
			buildConfigurationList = CE7A7A1F29A87B4D00DDE8A5 /* Build configuration list for PBXNativeTarget "Somlimee" */;
			buildPhases = (
				B0037F0506F0A10DCB9626DF /* [CP] Check Pods Manifest.lock */,
				CE7A7A0729A87B4B00DDE8A5 /* Sources */,
				CE7A7A0829A87B4B00DDE8A5 /* Frameworks */,
				CE7A7A0929A87B4B00DDE8A5 /* Resources */,
				8545B2AE405242C4878290B6 /* [CP] Embed Pods Frameworks */,
			);
			buildRules = (
			);
			dependencies = (
			);
			name = Somlimee;
			productName = Somlimee;
			productReference = CE7A7A0B29A87B4B00DDE8A5 /* Somlimee.app */;
			productType = "com.apple.product-type.application";
		};
/* End PBXNativeTarget section */

/* Begin PBXProject section */
		CE7A7A0329A87B4B00DDE8A5 /* Project object */ = {
			isa = PBXProject;
			attributes = {
				BuildIndependentTargetsInParallel = 1;
				LastSwiftUpdateCheck = 1420;
				LastUpgradeCheck = 1420;
				TargetAttributes = {
					CE7A7A0A29A87B4B00DDE8A5 = {
						CreatedOnToolsVersion = 14.2;
					};
				};
			};
			buildConfigurationList = CE7A7A0629A87B4B00DDE8A5 /* Build configuration list for PBXProject "Somlimee" */;
			compatibilityVersion = "Xcode 14.0";
			developmentRegion = en;
			hasScannedForEncodings = 0;
			knownRegions = (
				en,
				Base,
			);
			mainGroup = CE7A7A0229A87B4B00DDE8A5;
			productRefGroup = CE7A7A0C29A87B4B00DDE8A5 /* Products */;
			projectDirPath = "";
			projectRoot = "";
			targets = (
				CE7A7A0A29A87B4B00DDE8A5 /* Somlimee */,
			);
		};
/* End PBXProject section */

/* Begin PBXResourcesBuildPhase section */
		CE7A7A0929A87B4B00DDE8A5 /* Resources */ = {
			isa = PBXResourcesBuildPhase;
			buildActionMask = 2147483647;
			files = (
				CE2DDA352A27374C002AF99B /* SpoqaHanSansNeo-Thin.ttf in Resources */,
				CE2DDA2D2A27374C002AF99B /* SpoqaHanSansNeo-Light.woff2 in Resources */,
				CE7A7A1B29A87B4D00DDE8A5 /* LaunchScreen.storyboard in Resources */,
				CE2DDA242A27374C002AF99B /* SpoqaHanSansNeo-Bold.woff in Resources */,
				CE2DDA332A27374C002AF99B /* SpoqaHanSansNeo-Regular.woff2 in Resources */,
				CE7A7A1829A87B4D00DDE8A5 /* Assets.xcassets in Resources */,
				CE2DDA302A27374C002AF99B /* SpoqaHanSansNeo-Regular.eot in Resources */,
				CE2DDA342A27374C002AF99B /* SpoqaHanSansNeo-Medium.eot in Resources */,
				CE2DD9AD29D5E052002AF99B /* GoogleService-Info.plist in Resources */,
				CE2DDA2C2A27374C002AF99B /* SpoqaHanSansNeo-Medium.ttf in Resources */,
				CE2DDA292A27374C002AF99B /* SpoqaHanSansNeo-Bold.eot in Resources */,
				CE2DDA272A27374C002AF99B /* SpoqaHanSansNeo-Regular.ttf in Resources */,
				CE2DDA2B2A27374C002AF99B /* SpoqaHanSansNeo-Medium.woff2 in Resources */,
				CE2DDA222A27374C002AF99B /* SpoqaHanSansNeo-Medium.woff in Resources */,
				CE2DDA362A27374C002AF99B /* SpoqaHanSansNeo-Thin.woff2 in Resources */,
				CE2DDA312A27374C002AF99B /* SpoqaHanSansNeo-Bold.ttf in Resources */,
				CE2DDA232A27374C002AF99B /* LICENSE in Resources */,
				CE2DDA2F2A27374C002AF99B /* SpoqaHanSansNeo-Light.ttf in Resources */,
				CE2DDA2E2A27374C002AF99B /* SpoqaHanSansNeo-Thin.woff in Resources */,
				CE2DDA2A2A27374C002AF99B /* SpoqaHanSansNeo-Thin.eot in Resources */,
				CE2DDA322A27374C002AF99B /* SpoqaHanSansNeo-Bold.woff2 in Resources */,
				CE2DDA282A27374C002AF99B /* SpoqaHanSansNeo-Light.woff in Resources */,
				CE2DDA262A27374C002AF99B /* SpoqaHanSansNeo-Light.eot in Resources */,
				CE2DDA252A27374C002AF99B /* SpoqaHanSansNeo-Regular.woff in Resources */,
			);
			runOnlyForDeploymentPostprocessing = 0;
		};
/* End PBXResourcesBuildPhase section */

/* Begin PBXShellScriptBuildPhase section */
		8545B2AE405242C4878290B6 /* [CP] Embed Pods Frameworks */ = {
			isa = PBXShellScriptBuildPhase;
			buildActionMask = 2147483647;
			files = (
			);
			inputFileListPaths = (
				"${PODS_ROOT}/Target Support Files/Pods-Somlimee/Pods-Somlimee-frameworks-${CONFIGURATION}-input-files.xcfilelist",
			);
			name = "[CP] Embed Pods Frameworks";
			outputFileListPaths = (
				"${PODS_ROOT}/Target Support Files/Pods-Somlimee/Pods-Somlimee-frameworks-${CONFIGURATION}-output-files.xcfilelist",
			);
			runOnlyForDeploymentPostprocessing = 0;
			shellPath = /bin/sh;
			shellScript = "\"${PODS_ROOT}/Target Support Files/Pods-Somlimee/Pods-Somlimee-frameworks.sh\"\n";
			showEnvVarsInLog = 0;
		};
		B0037F0506F0A10DCB9626DF /* [CP] Check Pods Manifest.lock */ = {
			isa = PBXShellScriptBuildPhase;
			buildActionMask = 2147483647;
			files = (
			);
			inputFileListPaths = (
			);
			inputPaths = (
				"${PODS_PODFILE_DIR_PATH}/Podfile.lock",
				"${PODS_ROOT}/Manifest.lock",
			);
			name = "[CP] Check Pods Manifest.lock";
			outputFileListPaths = (
			);
			outputPaths = (
				"$(DERIVED_FILE_DIR)/Pods-Somlimee-checkManifestLockResult.txt",
			);
			runOnlyForDeploymentPostprocessing = 0;
			shellPath = /bin/sh;
			shellScript = "diff \"${PODS_PODFILE_DIR_PATH}/Podfile.lock\" \"${PODS_ROOT}/Manifest.lock\" > /dev/null\nif [ $? != 0 ] ; then\n    # print error to STDERR\n    echo \"error: The sandbox is not in sync with the Podfile.lock. Run 'pod install' or update your CocoaPods installation.\" >&2\n    exit 1\nfi\n# This output is used by Xcode 'outputs' to avoid re-running this script phase.\necho \"SUCCESS\" > \"${SCRIPT_OUTPUT_FILE_0}\"\n";
			showEnvVarsInLog = 0;
		};
/* End PBXShellScriptBuildPhase section */

/* Begin PBXSourcesBuildPhase section */
		CE7A7A0729A87B4B00DDE8A5 /* Sources */ = {
			isa = PBXSourcesBuildPhase;
			buildActionMask = 2147483647;
			files = (
				CE2DDA042A2710FC002AF99B /* MyLimeRoomNotLoggedView.swift in Sources */,
				CE2DD96C29C7466D002AF99B /* HomeBoardTableView.swift in Sources */,
				CE2DD99B29D2DB90002AF99B /* SearchRealTimeData.swift in Sources */,
				CE2DD98729D2BE02002AF99B /* LimeTrendsData.swift in Sources */,
				CE2DD96E29C827B7002AF99B /* SearchViewController.swift in Sources */,
				CE2DDA3C2A275EA2002AF99B /* imageShadowExt.swift in Sources */,
				CE2DD9BF29D8264E002AF99B /* SQLiteDatabaseCommands.swift in Sources */,
				CE2DD98F29D2D58B002AF99B /* ProfileData.swift in Sources */,
				CE2DDA3E2A2766BE002AF99B /* MyLimeRoomBoardTableView.swift in Sources */,
				CE2DD9E329DC70CF002AF99B /* BoardPostWriteViewController.swift in Sources */,
				CE2DD9D729DBF279002AF99B /* PersonalityTestViewRepository.swift in Sources */,
				CE2DD9F72A03B84D002AF99B /* BoardPostWriteNavBar.swift in Sources */,
				CE2DD9EB29F0F7DD002AF99B /* AppStatesInit.swift in Sources */,
				CE2DD9E729EFA4C1002AF99B /* AppStates.swift in Sources */,
				CE2DDA3A2A2748A0002AF99B /* MyLimeRoomLoggedView.swift in Sources */,
				CE2DD98229CCA126002AF99B /* HomeViewController.swift in Sources */,
				CE2DD96A29C740F4002AF99B /* BoardPostMetaData.swift in Sources */,
				CE4F263B29B4D07F0037AA30 /* LabelCollectionView.swift in Sources */,
				CE2DD96429C4AF73002AF99B /* HomeNavBar.swift in Sources */,
				CE2DDA0A2A271AAE002AF99B /* SomLimeColors.swift in Sources */,
				CE2DD99929D2DAFA002AF99B /* SearchHistoryData.swift in Sources */,
				CE2DD9F92A04EA18002AF99B /* BoardPostCommentData.swift in Sources */,
				CE2DD9EF29F3A10C002AF99B /* BoardViewRepository.swift in Sources */,
				CE2DD99529D2D71D002AF99B /* RemoteDataSourceService.swift in Sources */,
				CE2DD9D329DAEAB4002AF99B /* VerifyEmailViewController.swift in Sources */,
				CE2DD9A729D42570002AF99B /* SearchListData.swift in Sources */,
				CE2DD9E929F0F786002AF99B /* LocalDataSourceInit.swift in Sources */,
				CE2DD98529CD88B8002AF99B /* HomeViewRepository.swift in Sources */,
				CE2DD9A129D2FCA5002AF99B /* PersonalityTestData.swift in Sources */,
				CE2DD9C129D84E2B002AF99B /* BoardPostContentData.swift in Sources */,
				CE2DD98029CC2729002AF99B /* SideMenuViewController.swift in Sources */,
				CE7A7A1329A87B4B00DDE8A5 /* ContainerViewController.swift in Sources */,
				CE2DD97A29CC21A1002AF99B /* CategoryRequestViewController.swift in Sources */,
				CE7A7A0F29A87B4B00DDE8A5 /* AppDelegate.swift in Sources */,
				CE2DD9BB29D7FFDC002AF99B /* UserSignUpFailures.swift in Sources */,
				CE2DD9B129D7205F002AF99B /* UserSignUpWithEmailService.swift in Sources */,
				CE2DD9ED29F100BA002AF99B /* SQLiteDatabaseFailures.swift in Sources */,
				CE2DD9FB2A068997002AF99B /* BoardPostNavBar.swift in Sources */,
				CE2DD97E29CC2717002AF99B /* ProfileViewController.swift in Sources */,
				CE2DDA002A14BC6F002AF99B /* userNameParser.swift in Sources */,
				CE2DD9CD29DA9AED002AF99B /* SignUpViewController.swift in Sources */,
				CE2DD9DF29DC7057002AF99B /* BoardViewController.swift in Sources */,
				CE2DD99329D2D711002AF99B /* LocalDataSourceService.swift in Sources */,
				CE2DD98D29D2C0E1002AF99B /* BoardHotKeyData.swift in Sources */,
				CE2DD9DD29DC50A0002AF99B /* CalculateTestResult.swift in Sources */,
				CE2DD97629CC1107002AF99B /* RealTimeHotDetailViewController.swift in Sources */,
				CE2DD9C529D858EC002AF99B /* LocalDataSourceFailures.swift in Sources */,
				CE2DD9F529F7B71E002AF99B /* BoardTableView.swift in Sources */,
				CE2DD9A929D425E0002AF99B /* BoardInfoData.swift in Sources */,
				CE2DD9D529DAEBEC002AF99B /* PersonalityTestViewController.swift in Sources */,
				CE7A7A1129A87B4B00DDE8A5 /* SceneDelegate.swift in Sources */,
				CE2DD9CF29DAB9D2002AF99B /* UserLogInFailures.swift in Sources */,
				CE2DD9C929D86CE6002AF99B /* DataSourceFailures.swift in Sources */,
				CE2DDA382A27393D002AF99B /* SomLimeFonts.swift in Sources */,
				CE2DD9A529D30035002AF99B /* SearchViewRepository.swift in Sources */,
				CE2DD97829CC2084002AF99B /* RealTimeHotBoardViewController.swift in Sources */,
				CE2DD9CB29D9549E002AF99B /* injectDependencies.swift in Sources */,
				CE2DD9AF29D6DD91002AF99B /* UserLoginService.swift in Sources */,
				CE2DD9F329F3ADEE002AF99B /* BoardNavBar.swift in Sources */,
				CE2DDA402A30CFB3002AF99B /* OtherLimeRoomsScrollView.swift in Sources */,
				CE2DD97C29CC21DA002AF99B /* LogInViewController.swift in Sources */,
				CE2DD97029C828B2002AF99B /* SearchNavBar.swift in Sources */,
				CE2DD99129D2D5AA002AF99B /* PersonalityTestResultData.swift in Sources */,
				CE2DD9E129DC70BA002AF99B /* BoardPostViewController.swift in Sources */,
				CE2DD99729D2D72A002AF99B /* DataSourceService.swift in Sources */,
				CE2DD9D929DBF8A6002AF99B /* AnswerBarView.swift in Sources */,
				CE2DD96629C59721002AF99B /* BoardSectionView.swift in Sources */,
				CE2DDA482A4C31EF002AF99B /* LimeTestSectionView.swift in Sources */,
				CE2DD96829C59F84002AF99B /* NormalTableView.swift in Sources */,
				CE2DD98B29D2C02C002AF99B /* CategoryData.swift in Sources */,
				CE2DDA462A386E60002AF99B /* LimesTodayView.swift in Sources */,
				CE2DD9DB29DC1174002AF99B /* PersonalityTestResultViewController.swift in Sources */,
				CE2DDA022A1B50EE002AF99B /* ProfileViewRepository.swift in Sources */,
				CE2DD98929D2BFA2002AF99B /* HotBoardRankingData.swift in Sources */,
				CE2DD9F129F3A73A002AF99B /* BoardTapView.swift in Sources */,
				CE2DDA442A384687002AF99B /* LimeTrendCollectionView.swift in Sources */,
				CE2DDA072A27180D002AF99B /* LoadingView.swift in Sources */,
			);
			runOnlyForDeploymentPostprocessing = 0;
		};
/* End PBXSourcesBuildPhase section */

/* Begin PBXVariantGroup section */
		CE7A7A1929A87B4D00DDE8A5 /* LaunchScreen.storyboard */ = {
			isa = PBXVariantGroup;
			children = (
				CE7A7A1A29A87B4D00DDE8A5 /* Base */,
			);
			name = LaunchScreen.storyboard;
			sourceTree = "<group>";
		};
/* End PBXVariantGroup section */

/* Begin XCBuildConfiguration section */
		CE7A7A1D29A87B4D00DDE8A5 /* Debug */ = {
			isa = XCBuildConfiguration;
			buildSettings = {
				ALWAYS_SEARCH_USER_PATHS = NO;
				CLANG_ANALYZER_NONNULL = YES;
				CLANG_ANALYZER_NUMBER_OBJECT_CONVERSION = YES_AGGRESSIVE;
				CLANG_CXX_LANGUAGE_STANDARD = "gnu++20";
				CLANG_ENABLE_MODULES = YES;
				CLANG_ENABLE_OBJC_ARC = YES;
				CLANG_ENABLE_OBJC_WEAK = YES;
				CLANG_WARN_BLOCK_CAPTURE_AUTORELEASING = YES;
				CLANG_WARN_BOOL_CONVERSION = YES;
				CLANG_WARN_COMMA = YES;
				CLANG_WARN_CONSTANT_CONVERSION = YES;
				CLANG_WARN_DEPRECATED_OBJC_IMPLEMENTATIONS = YES;
				CLANG_WARN_DIRECT_OBJC_ISA_USAGE = YES_ERROR;
				CLANG_WARN_DOCUMENTATION_COMMENTS = YES;
				CLANG_WARN_EMPTY_BODY = YES;
				CLANG_WARN_ENUM_CONVERSION = YES;
				CLANG_WARN_INFINITE_RECURSION = YES;
				CLANG_WARN_INT_CONVERSION = YES;
				CLANG_WARN_NON_LITERAL_NULL_CONVERSION = YES;
				CLANG_WARN_OBJC_IMPLICIT_RETAIN_SELF = YES;
				CLANG_WARN_OBJC_LITERAL_CONVERSION = YES;
				CLANG_WARN_OBJC_ROOT_CLASS = YES_ERROR;
				CLANG_WARN_QUOTED_INCLUDE_IN_FRAMEWORK_HEADER = YES;
				CLANG_WARN_RANGE_LOOP_ANALYSIS = YES;
				CLANG_WARN_STRICT_PROTOTYPES = YES;
				CLANG_WARN_SUSPICIOUS_MOVE = YES;
				CLANG_WARN_UNGUARDED_AVAILABILITY = YES_AGGRESSIVE;
				CLANG_WARN_UNREACHABLE_CODE = YES;
				CLANG_WARN__DUPLICATE_METHOD_MATCH = YES;
				COPY_PHASE_STRIP = NO;
				DEBUG_INFORMATION_FORMAT = dwarf;
				ENABLE_STRICT_OBJC_MSGSEND = YES;
				ENABLE_TESTABILITY = YES;
				GCC_C_LANGUAGE_STANDARD = gnu11;
				GCC_DYNAMIC_NO_PIC = NO;
				GCC_NO_COMMON_BLOCKS = YES;
				GCC_OPTIMIZATION_LEVEL = 0;
				GCC_PREPROCESSOR_DEFINITIONS = (
					"DEBUG=1",
					"$(inherited)",
				);
				GCC_WARN_64_TO_32_BIT_CONVERSION = YES;
				GCC_WARN_ABOUT_RETURN_TYPE = YES_ERROR;
				GCC_WARN_UNDECLARED_SELECTOR = YES;
				GCC_WARN_UNINITIALIZED_AUTOS = YES_AGGRESSIVE;
				GCC_WARN_UNUSED_FUNCTION = YES;
				GCC_WARN_UNUSED_VARIABLE = YES;
				IPHONEOS_DEPLOYMENT_TARGET = 16.2;
				MTL_ENABLE_DEBUG_INFO = INCLUDE_SOURCE;
				MTL_FAST_MATH = YES;
				ONLY_ACTIVE_ARCH = YES;
				SDKROOT = iphoneos;
				SWIFT_ACTIVE_COMPILATION_CONDITIONS = DEBUG;
				SWIFT_OPTIMIZATION_LEVEL = "-Onone";
			};
			name = Debug;
		};
		CE7A7A1E29A87B4D00DDE8A5 /* Release */ = {
			isa = XCBuildConfiguration;
			buildSettings = {
				ALWAYS_SEARCH_USER_PATHS = NO;
				CLANG_ANALYZER_NONNULL = YES;
				CLANG_ANALYZER_NUMBER_OBJECT_CONVERSION = YES_AGGRESSIVE;
				CLANG_CXX_LANGUAGE_STANDARD = "gnu++20";
				CLANG_ENABLE_MODULES = YES;
				CLANG_ENABLE_OBJC_ARC = YES;
				CLANG_ENABLE_OBJC_WEAK = YES;
				CLANG_WARN_BLOCK_CAPTURE_AUTORELEASING = YES;
				CLANG_WARN_BOOL_CONVERSION = YES;
				CLANG_WARN_COMMA = YES;
				CLANG_WARN_CONSTANT_CONVERSION = YES;
				CLANG_WARN_DEPRECATED_OBJC_IMPLEMENTATIONS = YES;
				CLANG_WARN_DIRECT_OBJC_ISA_USAGE = YES_ERROR;
				CLANG_WARN_DOCUMENTATION_COMMENTS = YES;
				CLANG_WARN_EMPTY_BODY = YES;
				CLANG_WARN_ENUM_CONVERSION = YES;
				CLANG_WARN_INFINITE_RECURSION = YES;
				CLANG_WARN_INT_CONVERSION = YES;
				CLANG_WARN_NON_LITERAL_NULL_CONVERSION = YES;
				CLANG_WARN_OBJC_IMPLICIT_RETAIN_SELF = YES;
				CLANG_WARN_OBJC_LITERAL_CONVERSION = YES;
				CLANG_WARN_OBJC_ROOT_CLASS = YES_ERROR;
				CLANG_WARN_QUOTED_INCLUDE_IN_FRAMEWORK_HEADER = YES;
				CLANG_WARN_RANGE_LOOP_ANALYSIS = YES;
				CLANG_WARN_STRICT_PROTOTYPES = YES;
				CLANG_WARN_SUSPICIOUS_MOVE = YES;
				CLANG_WARN_UNGUARDED_AVAILABILITY = YES_AGGRESSIVE;
				CLANG_WARN_UNREACHABLE_CODE = YES;
				CLANG_WARN__DUPLICATE_METHOD_MATCH = YES;
				COPY_PHASE_STRIP = NO;
				DEBUG_INFORMATION_FORMAT = "dwarf-with-dsym";
				ENABLE_NS_ASSERTIONS = NO;
				ENABLE_STRICT_OBJC_MSGSEND = YES;
				GCC_C_LANGUAGE_STANDARD = gnu11;
				GCC_NO_COMMON_BLOCKS = YES;
				GCC_WARN_64_TO_32_BIT_CONVERSION = YES;
				GCC_WARN_ABOUT_RETURN_TYPE = YES_ERROR;
				GCC_WARN_UNDECLARED_SELECTOR = YES;
				GCC_WARN_UNINITIALIZED_AUTOS = YES_AGGRESSIVE;
				GCC_WARN_UNUSED_FUNCTION = YES;
				GCC_WARN_UNUSED_VARIABLE = YES;
				IPHONEOS_DEPLOYMENT_TARGET = 16.2;
				MTL_ENABLE_DEBUG_INFO = NO;
				MTL_FAST_MATH = YES;
				SDKROOT = iphoneos;
				SWIFT_COMPILATION_MODE = wholemodule;
				SWIFT_OPTIMIZATION_LEVEL = "-O";
				VALIDATE_PRODUCT = YES;
			};
			name = Release;
		};
		CE7A7A2029A87B4D00DDE8A5 /* Debug */ = {
			isa = XCBuildConfiguration;
			baseConfigurationReference = CC0206F4DEE857BC1A7DEA97 /* Pods-Somlimee.debug.xcconfig */;
			buildSettings = {
				ASSETCATALOG_COMPILER_APPICON_NAME = AppIcon;
				ASSETCATALOG_COMPILER_GLOBAL_ACCENT_COLOR_NAME = AccentColor;
				CODE_SIGN_STYLE = Automatic;
				CURRENT_PROJECT_VERSION = 1;
				DEVELOPMENT_TEAM = 45T3VG6APJ;
				GENERATE_INFOPLIST_FILE = YES;
				INFOPLIST_FILE = Somlimee/Info.plist;
				INFOPLIST_KEY_UIApplicationSupportsIndirectInputEvents = YES;
				INFOPLIST_KEY_UILaunchStoryboardName = LaunchScreen;
				INFOPLIST_KEY_UISupportedInterfaceOrientations_iPad = "UIInterfaceOrientationPortrait UIInterfaceOrientationPortraitUpsideDown UIInterfaceOrientationLandscapeLeft UIInterfaceOrientationLandscapeRight";
				INFOPLIST_KEY_UISupportedInterfaceOrientations_iPhone = "UIInterfaceOrientationPortrait UIInterfaceOrientationLandscapeLeft UIInterfaceOrientationLandscapeRight";
				IPHONEOS_DEPLOYMENT_TARGET = 16.0;
				LD_RUNPATH_SEARCH_PATHS = (
					"$(inherited)",
					"@executable_path/Frameworks",
				);
				MARKETING_VERSION = 1.0;
				PRODUCT_BUNDLE_IDENTIFIER = com.borkenchj.Somlimee;
				PRODUCT_NAME = "$(TARGET_NAME)";
				SWIFT_EMIT_LOC_STRINGS = YES;
				SWIFT_VERSION = 5.0;
				TARGETED_DEVICE_FAMILY = "1,2";
			};
			name = Debug;
		};
		CE7A7A2129A87B4D00DDE8A5 /* Release */ = {
			isa = XCBuildConfiguration;
			baseConfigurationReference = 1732E69D082DAF5B0709637F /* Pods-Somlimee.release.xcconfig */;
			buildSettings = {
				ASSETCATALOG_COMPILER_APPICON_NAME = AppIcon;
				ASSETCATALOG_COMPILER_GLOBAL_ACCENT_COLOR_NAME = AccentColor;
				CODE_SIGN_STYLE = Automatic;
				CURRENT_PROJECT_VERSION = 1;
				DEVELOPMENT_TEAM = 45T3VG6APJ;
				GENERATE_INFOPLIST_FILE = YES;
				INFOPLIST_FILE = Somlimee/Info.plist;
				INFOPLIST_KEY_UIApplicationSupportsIndirectInputEvents = YES;
				INFOPLIST_KEY_UILaunchStoryboardName = LaunchScreen;
				INFOPLIST_KEY_UISupportedInterfaceOrientations_iPad = "UIInterfaceOrientationPortrait UIInterfaceOrientationPortraitUpsideDown UIInterfaceOrientationLandscapeLeft UIInterfaceOrientationLandscapeRight";
				INFOPLIST_KEY_UISupportedInterfaceOrientations_iPhone = "UIInterfaceOrientationPortrait UIInterfaceOrientationLandscapeLeft UIInterfaceOrientationLandscapeRight";
				IPHONEOS_DEPLOYMENT_TARGET = 16.0;
				LD_RUNPATH_SEARCH_PATHS = (
					"$(inherited)",
					"@executable_path/Frameworks",
				);
				MARKETING_VERSION = 1.0;
				PRODUCT_BUNDLE_IDENTIFIER = com.borkenchj.Somlimee;
				PRODUCT_NAME = "$(TARGET_NAME)";
				SWIFT_EMIT_LOC_STRINGS = YES;
				SWIFT_VERSION = 5.0;
				TARGETED_DEVICE_FAMILY = "1,2";
			};
			name = Release;
		};
/* End XCBuildConfiguration section */

/* Begin XCConfigurationList section */
		CE7A7A0629A87B4B00DDE8A5 /* Build configuration list for PBXProject "Somlimee" */ = {
			isa = XCConfigurationList;
			buildConfigurations = (
				CE7A7A1D29A87B4D00DDE8A5 /* Debug */,
				CE7A7A1E29A87B4D00DDE8A5 /* Release */,
			);
			defaultConfigurationIsVisible = 0;
			defaultConfigurationName = Release;
		};
		CE7A7A1F29A87B4D00DDE8A5 /* Build configuration list for PBXNativeTarget "Somlimee" */ = {
			isa = XCConfigurationList;
			buildConfigurations = (
				CE7A7A2029A87B4D00DDE8A5 /* Debug */,
				CE7A7A2129A87B4D00DDE8A5 /* Release */,
			);
			defaultConfigurationIsVisible = 0;
			defaultConfigurationName = Release;
		};
/* End XCConfigurationList section */
	};
	rootObject = CE7A7A0329A87B4B00DDE8A5 /* Project object */;
}
